
Microsoft Visual Studio Solution File, Format Version 12.00
# Visual Studio Version 16
VisualStudioVersion = 16.0.29709.97
MinimumVisualStudioVersion = 10.0.40219.1
Project("{FAE04EC0-301F-11D3-BF4B-00C04F79EFBC}") = "p01_z01", "pr01_z01\p01_z01.csproj", "{265A02A2-62CA-4C4C-A61A-220D0E375F9F}"
EndProject
Project("{FAE04EC0-301F-11D3-BF4B-00C04F79EFBC}") = "p01_z02", "p01_z02\p01_z02.csproj", "{B6CE1EDD-3729-400A-9CA7-2D1480849891}"
EndProject
Project("{FAE04EC0-301F-11D3-BF4B-00C04F79EFBC}") = "p01_z04", "p01-z04\p01_z04.csproj", "{29DF816B-0797-4B12-8D1E-0F12D43BCBCA}"
EndProject
Project("{FAE04EC0-301F-11D3-BF4B-00C04F79EFBC}") = "p01_z05", "p01_z05\p01_z05.csproj", "{A34E65A4-5D4B-4101-9322-892B6C1E670A}"
EndProject
Project("{FAE04EC0-301F-11D3-BF4B-00C04F79EFBC}") = "p01_z06", "p01-z06\p01_z06.csproj", "{ED9F264B-DA64-4690-9EC3-8598C72587E2}"
EndProject
Project("{FAE04EC0-301F-11D3-BF4B-00C04F79EFBC}") = "p01_z08", "p01-z08\p01_z08.csproj", "{09C1C9C9-4E4C-4205-A7A2-4A8CDF4B444B}"
EndProject
Project("{FAE04EC0-301F-11D3-BF4B-00C04F79EFBC}") = "p01_z09", "p01-z09\p01_z09.csproj", "{E258F037-0A33-4C3A-AA1C-243EBF87C058}"
EndProject
Project("{FAE04EC0-301F-11D3-BF4B-00C04F79EFBC}") = "p01_z10", "p01-z10\p01_z10.csproj", "{0D4AFDF4-43DD-45C8-9163-93810F75C8C0}"
EndProject
Project("{FAE04EC0-301F-11D3-BF4B-00C04F79EFBC}") = "p01_z11", "p01_z11\p01_z11.csproj", "{855A1AD9-567E-48A0-AD40-ADBE75CC1F8B}"
EndProject
Project("{FAE04EC0-301F-11D3-BF4B-00C04F79EFBC}") = "p01_z12", "p01_z12\p01_z12.csproj", "{636239C3-584A-449D-9E84-EC14ACD70864}"
EndProject
Project("{FAE04EC0-301F-11D3-BF4B-00C04F79EFBC}") = "p01_z15", "p01_z15\p01_z15.csproj", "{4044ABC0-4276-4170-AAD5-C13ECDF39EEC}"
EndProject
Project("{FAE04EC0-301F-11D3-BF4B-00C04F79EFBC}") = "p01_z16", "p01_z16\p01_z16.csproj", "{D561DA55-B93C-4082-AEF3-575928DF254C}"
EndProject
Project("{FAE04EC0-301F-11D3-BF4B-00C04F79EFBC}") = "p01_z19", "p01_z19\p01_z19.csproj", "{490D6065-6A30-471B-AC14-61193C7A0287}"
EndProject
Project("{9A19103F-16F7-4668-BE54-9A1E7A4F7556}") = "p01_z03", "p01_z03\p01_z03.csproj", "{383F8687-3CFF-48DA-BA4D-2A39F85B0CC4}"
EndProject
Project("{9A19103F-16F7-4668-BE54-9A1E7A4F7556}") = "p01_z07", "p01_z07\p01_z07.csproj", "{1BCE4113-5350-4788-831C-FF4142E2D5FD}"
EndProject
Project("{9A19103F-16F7-4668-BE54-9A1E7A4F7556}") = "p01_z14", "p01_z14\p01_z14.csproj", "{07F84D8A-9553-4B1E-A60B-C222F40899AF}"
EndProject
Project("{9A19103F-16F7-4668-BE54-9A1E7A4F7556}") = "p01_z20", "p01_z20\p01_z20.csproj", "{83BC8DD0-1E9E-4410-8CD7-D08D7256C2B2}"
EndProject
Project("{9A19103F-16F7-4668-BE54-9A1E7A4F7556}") = "p01_z20_exp", "p01_z20_exp\p01_z20_exp.csproj", "{6DA33115-F64A-4C85-AE17-EEE14CD811E2}"
EndProject
Project("{9A19103F-16F7-4668-BE54-9A1E7A4F7556}") = "p02_z02", "p02_z02\p02_z02.csproj", "{F7A52C3D-2A20-4877-B3E1-D6A216FE8C50}"
EndProject
Project("{9A19103F-16F7-4668-BE54-9A1E7A4F7556}") = "p02_z03", "p02_z03\p02_z03.csproj", "{CAF6A824-D73C-45BD-920D-A3E47E2EC092}"
EndProject
Project("{9A19103F-16F7-4668-BE54-9A1E7A4F7556}") = "p03_z07", "p03_z07\p03_z07.csproj", "{B600999B-0FEE-4D8B-AC36-BDB2101F4252}"
EndProject
Project("{9A19103F-16F7-4668-BE54-9A1E7A4F7556}") = "p03_z08", "p03_z08\p03_z08.csproj", "{4420C8AD-8F8D-46ED-9DF6-9D10CB558D99}"
EndProject
Project("{9A19103F-16F7-4668-BE54-9A1E7A4F7556}") = "p03_z09", "p03_z09\p03_z09.csproj", "{70A26763-0D7C-4C92-863F-562AEEE3B74D}"
EndProject
Project("{9A19103F-16F7-4668-BE54-9A1E7A4F7556}") = "p03_z10", "p03_z10\p03_z10.csproj", "{88F5BAEF-99E6-4BF5-BDDA-758F4E26BB52}"
EndProject
Project("{9A19103F-16F7-4668-BE54-9A1E7A4F7556}") = "p02_z11", "p03_z11\p02_z11.csproj", "{314BE3A2-BE9B-4A42-B415-3DC934A4D0AA}"
EndProject
Project("{9A19103F-16F7-4668-BE54-9A1E7A4F7556}") = "p02_z12", "p03_z12\p02_z12.csproj", "{39A50856-C4DF-4E5A-8E6D-A3C65EAB6420}"
EndProject
Project("{9A19103F-16F7-4668-BE54-9A1E7A4F7556}") = "p02_z13", "p03_z13\p02_z13.csproj", "{124AAA3A-B85C-4E39-A5A3-69C632C8D00C}"
EndProject
Project("{9A19103F-16F7-4668-BE54-9A1E7A4F7556}") = "p02_z14", "p03_z14\p02_z14.csproj", "{B9239506-5AD0-4409-90AA-1CDAA6FFDBEA}"
EndProject
Project("{9A19103F-16F7-4668-BE54-9A1E7A4F7556}") = "p02_z15", "p03_z15\p02_z15.csproj", "{FCFC93D7-0EE1-4530-AEC7-8B6934EA1CB7}"
EndProject
Project("{FAE04EC0-301F-11D3-BF4B-00C04F79EFBC}") = "p03_z01", "p03_z01\p03_z01.csproj", "{92260BC2-FE23-4E45-BAC2-58D0630B3348}"
EndProject
Global
	GlobalSection(SolutionConfigurationPlatforms) = preSolution
		Debug|Any CPU = Debug|Any CPU
		Release|Any CPU = Release|Any CPU
	EndGlobalSection
	GlobalSection(ProjectConfigurationPlatforms) = postSolution
		{265A02A2-62CA-4C4C-A61A-220D0E375F9F}.Debug|Any CPU.ActiveCfg = Debug|Any CPU
		{265A02A2-62CA-4C4C-A61A-220D0E375F9F}.Debug|Any CPU.Build.0 = Debug|Any CPU
		{265A02A2-62CA-4C4C-A61A-220D0E375F9F}.Release|Any CPU.ActiveCfg = Release|Any CPU
		{265A02A2-62CA-4C4C-A61A-220D0E375F9F}.Release|Any CPU.Build.0 = Release|Any CPU
		{B6CE1EDD-3729-400A-9CA7-2D1480849891}.Debug|Any CPU.ActiveCfg = Debug|Any CPU
		{B6CE1EDD-3729-400A-9CA7-2D1480849891}.Debug|Any CPU.Build.0 = Debug|Any CPU
		{B6CE1EDD-3729-400A-9CA7-2D1480849891}.Release|Any CPU.ActiveCfg = Release|Any CPU
		{B6CE1EDD-3729-400A-9CA7-2D1480849891}.Release|Any CPU.Build.0 = Release|Any CPU
		{29DF816B-0797-4B12-8D1E-0F12D43BCBCA}.Debug|Any CPU.ActiveCfg = Debug|Any CPU
		{29DF816B-0797-4B12-8D1E-0F12D43BCBCA}.Debug|Any CPU.Build.0 = Debug|Any CPU
		{29DF816B-0797-4B12-8D1E-0F12D43BCBCA}.Release|Any CPU.ActiveCfg = Release|Any CPU
		{29DF816B-0797-4B12-8D1E-0F12D43BCBCA}.Release|Any CPU.Build.0 = Release|Any CPU
		{A34E65A4-5D4B-4101-9322-892B6C1E670A}.Debug|Any CPU.ActiveCfg = Debug|Any CPU
		{A34E65A4-5D4B-4101-9322-892B6C1E670A}.Debug|Any CPU.Build.0 = Debug|Any CPU
		{A34E65A4-5D4B-4101-9322-892B6C1E670A}.Release|Any CPU.ActiveCfg = Release|Any CPU
		{A34E65A4-5D4B-4101-9322-892B6C1E670A}.Release|Any CPU.Build.0 = Release|Any CPU
		{ED9F264B-DA64-4690-9EC3-8598C72587E2}.Debug|Any CPU.ActiveCfg = Debug|Any CPU
		{ED9F264B-DA64-4690-9EC3-8598C72587E2}.Debug|Any CPU.Build.0 = Debug|Any CPU
		{ED9F264B-DA64-4690-9EC3-8598C72587E2}.Release|Any CPU.ActiveCfg = Release|Any CPU
		{ED9F264B-DA64-4690-9EC3-8598C72587E2}.Release|Any CPU.Build.0 = Release|Any CPU
		{09C1C9C9-4E4C-4205-A7A2-4A8CDF4B444B}.Debug|Any CPU.ActiveCfg = Debug|Any CPU
		{09C1C9C9-4E4C-4205-A7A2-4A8CDF4B444B}.Debug|Any CPU.Build.0 = Debug|Any CPU
		{09C1C9C9-4E4C-4205-A7A2-4A8CDF4B444B}.Release|Any CPU.ActiveCfg = Release|Any CPU
		{09C1C9C9-4E4C-4205-A7A2-4A8CDF4B444B}.Release|Any CPU.Build.0 = Release|Any CPU
		{E258F037-0A33-4C3A-AA1C-243EBF87C058}.Debug|Any CPU.ActiveCfg = Debug|Any CPU
		{E258F037-0A33-4C3A-AA1C-243EBF87C058}.Debug|Any CPU.Build.0 = Debug|Any CPU
		{E258F037-0A33-4C3A-AA1C-243EBF87C058}.Release|Any CPU.ActiveCfg = Release|Any CPU
		{E258F037-0A33-4C3A-AA1C-243EBF87C058}.Release|Any CPU.Build.0 = Release|Any CPU
		{0D4AFDF4-43DD-45C8-9163-93810F75C8C0}.Debug|Any CPU.ActiveCfg = Debug|Any CPU
		{0D4AFDF4-43DD-45C8-9163-93810F75C8C0}.Debug|Any CPU.Build.0 = Debug|Any CPU
		{0D4AFDF4-43DD-45C8-9163-93810F75C8C0}.Release|Any CPU.ActiveCfg = Release|Any CPU
		{0D4AFDF4-43DD-45C8-9163-93810F75C8C0}.Release|Any CPU.Build.0 = Release|Any CPU
		{855A1AD9-567E-48A0-AD40-ADBE75CC1F8B}.Debug|Any CPU.ActiveCfg = Debug|Any CPU
		{855A1AD9-567E-48A0-AD40-ADBE75CC1F8B}.Debug|Any CPU.Build.0 = Debug|Any CPU
		{855A1AD9-567E-48A0-AD40-ADBE75CC1F8B}.Release|Any CPU.ActiveCfg = Release|Any CPU
		{855A1AD9-567E-48A0-AD40-ADBE75CC1F8B}.Release|Any CPU.Build.0 = Release|Any CPU
		{636239C3-584A-449D-9E84-EC14ACD70864}.Debug|Any CPU.ActiveCfg = Debug|Any CPU
		{636239C3-584A-449D-9E84-EC14ACD70864}.Debug|Any CPU.Build.0 = Debug|Any CPU
		{636239C3-584A-449D-9E84-EC14ACD70864}.Release|Any CPU.ActiveCfg = Release|Any CPU
		{636239C3-584A-449D-9E84-EC14ACD70864}.Release|Any CPU.Build.0 = Release|Any CPU
		{4044ABC0-4276-4170-AAD5-C13ECDF39EEC}.Debug|Any CPU.ActiveCfg = Debug|Any CPU
		{4044ABC0-4276-4170-AAD5-C13ECDF39EEC}.Debug|Any CPU.Build.0 = Debug|Any CPU
		{4044ABC0-4276-4170-AAD5-C13ECDF39EEC}.Release|Any CPU.ActiveCfg = Release|Any CPU
		{4044ABC0-4276-4170-AAD5-C13ECDF39EEC}.Release|Any CPU.Build.0 = Release|Any CPU
		{D561DA55-B93C-4082-AEF3-575928DF254C}.Debug|Any CPU.ActiveCfg = Debug|Any CPU
		{D561DA55-B93C-4082-AEF3-575928DF254C}.Debug|Any CPU.Build.0 = Debug|Any CPU
		{D561DA55-B93C-4082-AEF3-575928DF254C}.Release|Any CPU.ActiveCfg = Release|Any CPU
		{D561DA55-B93C-4082-AEF3-575928DF254C}.Release|Any CPU.Build.0 = Release|Any CPU
		{490D6065-6A30-471B-AC14-61193C7A0287}.Debug|Any CPU.ActiveCfg = Debug|Any CPU
		{490D6065-6A30-471B-AC14-61193C7A0287}.Debug|Any CPU.Build.0 = Debug|Any CPU
		{490D6065-6A30-471B-AC14-61193C7A0287}.Release|Any CPU.ActiveCfg = Release|Any CPU
		{490D6065-6A30-471B-AC14-61193C7A0287}.Release|Any CPU.Build.0 = Release|Any CPU
		{383F8687-3CFF-48DA-BA4D-2A39F85B0CC4}.Debug|Any CPU.ActiveCfg = Debug|Any CPU
		{383F8687-3CFF-48DA-BA4D-2A39F85B0CC4}.Debug|Any CPU.Build.0 = Debug|Any CPU
		{383F8687-3CFF-48DA-BA4D-2A39F85B0CC4}.Release|Any CPU.ActiveCfg = Release|Any CPU
		{383F8687-3CFF-48DA-BA4D-2A39F85B0CC4}.Release|Any CPU.Build.0 = Release|Any CPU
		{1BCE4113-5350-4788-831C-FF4142E2D5FD}.Debug|Any CPU.ActiveCfg = Debug|Any CPU
		{1BCE4113-5350-4788-831C-FF4142E2D5FD}.Debug|Any CPU.Build.0 = Debug|Any CPU
		{1BCE4113-5350-4788-831C-FF4142E2D5FD}.Release|Any CPU.ActiveCfg = Release|Any CPU
		{1BCE4113-5350-4788-831C-FF4142E2D5FD}.Release|Any CPU.Build.0 = Release|Any CPU
		{07F84D8A-9553-4B1E-A60B-C222F40899AF}.Debug|Any CPU.ActiveCfg = Debug|Any CPU
		{07F84D8A-9553-4B1E-A60B-C222F40899AF}.Debug|Any CPU.Build.0 = Debug|Any CPU
		{07F84D8A-9553-4B1E-A60B-C222F40899AF}.Release|Any CPU.ActiveCfg = Release|Any CPU
		{07F84D8A-9553-4B1E-A60B-C222F40899AF}.Release|Any CPU.Build.0 = Release|Any CPU
		{83BC8DD0-1E9E-4410-8CD7-D08D7256C2B2}.Debug|Any CPU.ActiveCfg = Debug|Any CPU
		{83BC8DD0-1E9E-4410-8CD7-D08D7256C2B2}.Debug|Any CPU.Build.0 = Debug|Any CPU
		{83BC8DD0-1E9E-4410-8CD7-D08D7256C2B2}.Release|Any CPU.ActiveCfg = Release|Any CPU
		{83BC8DD0-1E9E-4410-8CD7-D08D7256C2B2}.Release|Any CPU.Build.0 = Release|Any CPU
		{6DA33115-F64A-4C85-AE17-EEE14CD811E2}.Debug|Any CPU.ActiveCfg = Debug|Any CPU
		{6DA33115-F64A-4C85-AE17-EEE14CD811E2}.Debug|Any CPU.Build.0 = Debug|Any CPU
		{6DA33115-F64A-4C85-AE17-EEE14CD811E2}.Release|Any CPU.ActiveCfg = Release|Any CPU
		{6DA33115-F64A-4C85-AE17-EEE14CD811E2}.Release|Any CPU.Build.0 = Release|Any CPU
		{F7A52C3D-2A20-4877-B3E1-D6A216FE8C50}.Debug|Any CPU.ActiveCfg = Debug|Any CPU
		{F7A52C3D-2A20-4877-B3E1-D6A216FE8C50}.Debug|Any CPU.Build.0 = Debug|Any CPU
		{F7A52C3D-2A20-4877-B3E1-D6A216FE8C50}.Release|Any CPU.ActiveCfg = Release|Any CPU
		{F7A52C3D-2A20-4877-B3E1-D6A216FE8C50}.Release|Any CPU.Build.0 = Release|Any CPU
		{CAF6A824-D73C-45BD-920D-A3E47E2EC092}.Debug|Any CPU.ActiveCfg = Debug|Any CPU
		{CAF6A824-D73C-45BD-920D-A3E47E2EC092}.Debug|Any CPU.Build.0 = Debug|Any CPU
		{CAF6A824-D73C-45BD-920D-A3E47E2EC092}.Release|Any CPU.ActiveCfg = Release|Any CPU
		{CAF6A824-D73C-45BD-920D-A3E47E2EC092}.Release|Any CPU.Build.0 = Release|Any CPU
		{B600999B-0FEE-4D8B-AC36-BDB2101F4252}.Debug|Any CPU.ActiveCfg = Debug|Any CPU
		{B600999B-0FEE-4D8B-AC36-BDB2101F4252}.Debug|Any CPU.Build.0 = Debug|Any CPU
		{B600999B-0FEE-4D8B-AC36-BDB2101F4252}.Release|Any CPU.ActiveCfg = Release|Any CPU
		{B600999B-0FEE-4D8B-AC36-BDB2101F4252}.Release|Any CPU.Build.0 = Release|Any CPU
		{4420C8AD-8F8D-46ED-9DF6-9D10CB558D99}.Debug|Any CPU.ActiveCfg = Debug|Any CPU
		{4420C8AD-8F8D-46ED-9DF6-9D10CB558D99}.Debug|Any CPU.Build.0 = Debug|Any CPU
		{4420C8AD-8F8D-46ED-9DF6-9D10CB558D99}.Release|Any CPU.ActiveCfg = Release|Any CPU
		{4420C8AD-8F8D-46ED-9DF6-9D10CB558D99}.Release|Any CPU.Build.0 = Release|Any CPU
		{70A26763-0D7C-4C92-863F-562AEEE3B74D}.Debug|Any CPU.ActiveCfg = Debug|Any CPU
		{70A26763-0D7C-4C92-863F-562AEEE3B74D}.Debug|Any CPU.Build.0 = Debug|Any CPU
		{70A26763-0D7C-4C92-863F-562AEEE3B74D}.Release|Any CPU.ActiveCfg = Release|Any CPU
		{70A26763-0D7C-4C92-863F-562AEEE3B74D}.Release|Any CPU.Build.0 = Release|Any CPU
		{88F5BAEF-99E6-4BF5-BDDA-758F4E26BB52}.Debug|Any CPU.ActiveCfg = Debug|Any CPU
		{88F5BAEF-99E6-4BF5-BDDA-758F4E26BB52}.Debug|Any CPU.Build.0 = Debug|Any CPU
		{88F5BAEF-99E6-4BF5-BDDA-758F4E26BB52}.Release|Any CPU.ActiveCfg = Release|Any CPU
		{88F5BAEF-99E6-4BF5-BDDA-758F4E26BB52}.Release|Any CPU.Build.0 = Release|Any CPU
		{314BE3A2-BE9B-4A42-B415-3DC934A4D0AA}.Debug|Any CPU.ActiveCfg = Debug|Any CPU
		{314BE3A2-BE9B-4A42-B415-3DC934A4D0AA}.Debug|Any CPU.Build.0 = Debug|Any CPU
		{314BE3A2-BE9B-4A42-B415-3DC934A4D0AA}.Release|Any CPU.ActiveCfg = Release|Any CPU
		{314BE3A2-BE9B-4A42-B415-3DC934A4D0AA}.Release|Any CPU.Build.0 = Release|Any CPU
		{39A50856-C4DF-4E5A-8E6D-A3C65EAB6420}.Debug|Any CPU.ActiveCfg = Debug|Any CPU
		{39A50856-C4DF-4E5A-8E6D-A3C65EAB6420}.Debug|Any CPU.Build.0 = Debug|Any CPU
		{39A50856-C4DF-4E5A-8E6D-A3C65EAB6420}.Release|Any CPU.ActiveCfg = Release|Any CPU
		{39A50856-C4DF-4E5A-8E6D-A3C65EAB6420}.Release|Any CPU.Build.0 = Release|Any CPU
		{124AAA3A-B85C-4E39-A5A3-69C632C8D00C}.Debug|Any CPU.ActiveCfg = Debug|Any CPU
		{124AAA3A-B85C-4E39-A5A3-69C632C8D00C}.Debug|Any CPU.Build.0 = Debug|Any CPU
		{124AAA3A-B85C-4E39-A5A3-69C632C8D00C}.Release|Any CPU.ActiveCfg = Release|Any CPU
		{124AAA3A-B85C-4E39-A5A3-69C632C8D00C}.Release|Any CPU.Build.0 = Release|Any CPU
		{B9239506-5AD0-4409-90AA-1CDAA6FFDBEA}.Debug|Any CPU.ActiveCfg = Debug|Any CPU
		{B9239506-5AD0-4409-90AA-1CDAA6FFDBEA}.Debug|Any CPU.Build.0 = Debug|Any CPU
		{B9239506-5AD0-4409-90AA-1CDAA6FFDBEA}.Release|Any CPU.ActiveCfg = Release|Any CPU
		{B9239506-5AD0-4409-90AA-1CDAA6FFDBEA}.Release|Any CPU.Build.0 = Release|Any CPU
		{FCFC93D7-0EE1-4530-AEC7-8B6934EA1CB7}.Debug|Any CPU.ActiveCfg = Debug|Any CPU
		{FCFC93D7-0EE1-4530-AEC7-8B6934EA1CB7}.Debug|Any CPU.Build.0 = Debug|Any CPU
		{FCFC93D7-0EE1-4530-AEC7-8B6934EA1CB7}.Release|Any CPU.ActiveCfg = Release|Any CPU
		{FCFC93D7-0EE1-4530-AEC7-8B6934EA1CB7}.Release|Any CPU.Build.0 = Release|Any CPU
		{92260BC2-FE23-4E45-BAC2-58D0630B3348}.Debug|Any CPU.ActiveCfg = Debug|Any CPU
		{92260BC2-FE23-4E45-BAC2-58D0630B3348}.Debug|Any CPU.Build.0 = Debug|Any CPU
		{92260BC2-FE23-4E45-BAC2-58D0630B3348}.Release|Any CPU.ActiveCfg = Release|Any CPU
		{92260BC2-FE23-4E45-BAC2-58D0630B3348}.Release|Any CPU.Build.0 = Release|Any CPU
	EndGlobalSection
	GlobalSection(SolutionProperties) = preSolution
		HideSolutionNode = FALSE
	EndGlobalSection
	GlobalSection(ExtensibilityGlobals) = postSolution
		SolutionGuid = {B7F4BBAD-A09D-4BEC-A213-9CE1B1054C71}
	EndGlobalSection
EndGlobal
