
Microsoft Visual Studio Solution File, Format Version 12.00
# Visual Studio Version 16
VisualStudioVersion = 16.0.29709.97
MinimumVisualStudioVersion = 10.0.40219.1
Project("{FAE04EC0-301F-11D3-BF4B-00C04F79EFBC}") = "p01_z01", "pr01_z01\p01_z01.csproj", "{265A02A2-62CA-4C4C-A61A-220D0E375F9F}"
EndProject
Project("{FAE04EC0-301F-11D3-BF4B-00C04F79EFBC}") = "p01_z02", "p01_z02\p01_z02.csproj", "{B6CE1EDD-3729-400A-9CA7-2D1480849891}"
EndProject
Project("{FAE04EC0-301F-11D3-BF4B-00C04F79EFBC}") = "p01_z04", "p01-z04\p01_z04.csproj", "{29DF816B-0797-4B12-8D1E-0F12D43BCBCA}"
EndProject
Project("{FAE04EC0-301F-11D3-BF4B-00C04F79EFBC}") = "p01_z05", "p01_z05\p01_z05.csproj", "{A34E65A4-5D4B-4101-9322-892B6C1E670A}"
EndProject
Project("{FAE04EC0-301F-11D3-BF4B-00C04F79EFBC}") = "p01_z06", "p01-z06\p01_z06.csproj", "{ED9F264B-DA64-4690-9EC3-8598C72587E2}"
EndProject
Project("{FAE04EC0-301F-11D3-BF4B-00C04F79EFBC}") = "p01_z08", "p01-z08\p01_z08.csproj", "{09C1C9C9-4E4C-4205-A7A2-4A8CDF4B444B}"
EndProject
Project("{FAE04EC0-301F-11D3-BF4B-00C04F79EFBC}") = "p01_z09", "p01-z09\p01_z09.csproj", "{E258F037-0A33-4C3A-AA1C-243EBF87C058}"
EndProject
Project("{FAE04EC0-301F-11D3-BF4B-00C04F79EFBC}") = "p01_z10", "p01-z10\p01_z10.csproj", "{0D4AFDF4-43DD-45C8-9163-93810F75C8C0}"
EndProject
Project("{FAE04EC0-301F-11D3-BF4B-00C04F79EFBC}") = "p01_z11", "p01_z11\p01_z11.csproj", "{855A1AD9-567E-48A0-AD40-ADBE75CC1F8B}"
EndProject
Project("{FAE04EC0-301F-11D3-BF4B-00C04F79EFBC}") = "p01_z12", "p01_z12\p01_z12.csproj", "{636239C3-584A-449D-9E84-EC14ACD70864}"
EndProject
Project("{FAE04EC0-301F-11D3-BF4B-00C04F79EFBC}") = "p01_z15", "p01_z15\p01_z15.csproj", "{4044ABC0-4276-4170-AAD5-C13ECDF39EEC}"
EndProject
Project("{FAE04EC0-301F-11D3-BF4B-00C04F79EFBC}") = "p01_z16", "p01_z16\p01_z16.csproj", "{D561DA55-B93C-4082-AEF3-575928DF254C}"
EndProject
Project("{FAE04EC0-301F-11D3-BF4B-00C04F79EFBC}") = "p01_z19", "p01_z19\p01_z19.csproj", "{490D6065-6A30-471B-AC14-61193C7A0287}"
EndProject
Project("{9A19103F-16F7-4668-BE54-9A1E7A4F7556}") = "p01_z03", "p01_z03\p01_z03.csproj", "{383F8687-3CFF-48DA-BA4D-2A39F85B0CC4}"
EndProject
Project("{9A19103F-16F7-4668-BE54-9A1E7A4F7556}") = "p01_z07", "p01_z07\p01_z07.csproj", "{1BCE4113-5350-4788-831C-FF4142E2D5FD}"
EndProject
Project("{9A19103F-16F7-4668-BE54-9A1E7A4F7556}") = "p01_z14", "p01_z14\p01_z14.csproj", "{07F84D8A-9553-4B1E-A60B-C222F40899AF}"
EndProject
Project("{9A19103F-16F7-4668-BE54-9A1E7A4F7556}") = "p01_z20", "p01_z20\p01_z20.csproj", "{83BC8DD0-1E9E-4410-8CD7-D08D7256C2B2}"
EndProject
Project("{9A19103F-16F7-4668-BE54-9A1E7A4F7556}") = "p01_z20_exp", "p01_z20_exp\p01_z20_exp.csproj", "{6DA33115-F64A-4C85-AE17-EEE14CD811E2}"
EndProject
Project("{9A19103F-16F7-4668-BE54-9A1E7A4F7556}") = "p02_z02", "p02_z02\p02_z02.csproj", "{F7A52C3D-2A20-4877-B3E1-D6A216FE8C50}"
EndProject
Project("{9A19103F-16F7-4668-BE54-9A1E7A4F7556}") = "p02_z03", "p02_z03\p02_z03.csproj", "{CAF6A824-D73C-45BD-920D-A3E47E2EC092}"
EndProject
Project("{9A19103F-16F7-4668-BE54-9A1E7A4F7556}") = "p03_z07", "p03_z07\p03_z07.csproj", "{B600999B-0FEE-4D8B-AC36-BDB2101F4252}"
EndProject
Project("{9A19103F-16F7-4668-BE54-9A1E7A4F7556}") = "p03_z08", "p03_z08\p03_z08.csproj", "{4420C8AD-8F8D-46ED-9DF6-9D10CB558D99}"
EndProject
Project("{9A19103F-16F7-4668-BE54-9A1E7A4F7556}") = "p03_z09", "p03_z09\p03_z09.csproj", "{70A26763-0D7C-4C92-863F-562AEEE3B74D}"
EndProject
Project("{9A19103F-16F7-4668-BE54-9A1E7A4F7556}") = "p03_z10", "p03_z10\p03_z10.csproj", "{88F5BAEF-99E6-4BF5-BDDA-758F4E26BB52}"
EndProject
Project("{9A19103F-16F7-4668-BE54-9A1E7A4F7556}") = "p02_z11", "p03_z11\p02_z11.csproj", "{314BE3A2-BE9B-4A42-B415-3DC934A4D0AA}"
EndProject
Project("{9A19103F-16F7-4668-BE54-9A1E7A4F7556}") = "p02_z12", "p03_z12\p02_z12.csproj", "{39A50856-C4DF-4E5A-8E6D-A3C65EAB6420}"
EndProject
Project("{9A19103F-16F7-4668-BE54-9A1E7A4F7556}") = "p02_z13", "p03_z13\p02_z13.csproj", "{124AAA3A-B85C-4E39-A5A3-69C632C8D00C}"
EndProject
Project("{9A19103F-16F7-4668-BE54-9A1E7A4F7556}") = "p02_z14", "p03_z14\p02_z14.csproj", "{B9239506-5AD0-4409-90AA-1CDAA6FFDBEA}"
EndProject
Project("{9A19103F-16F7-4668-BE54-9A1E7A4F7556}") = "p02_z15", "p03_z15\p02_z15.csproj", "{FCFC93D7-0EE1-4530-AEC7-8B6934EA1CB7}"
EndProject
Project("{FAE04EC0-301F-11D3-BF4B-00C04F79EFBC}") = "p03_z01", "p03_z01\p03_z01.csproj", "{92260BC2-FE23-4E45-BAC2-58D0630B3348}"
EndProject
Project("{FAE04EC0-301F-11D3-BF4B-00C04F79EFBC}") = "p03_z12", "ConsoleApp1\p03_z12.csproj", "{43A47383-07AC-4863-B222-2AC0307E8CB3}"
EndProject
Project("{FAE04EC0-301F-11D3-BF4B-00C04F79EFBC}") = "p04_z01", "p04_z01\p04_z01.csproj", "{4EE94091-8969-4EC2-B534-35DFA9E3E3F9}"
EndProject
Project("{FAE04EC0-301F-11D3-BF4B-00C04F79EFBC}") = "p04_z02", "p04_z02\p04_z02.csproj", "{ECE0FBED-B7FF-4E34-9322-FAC8E66E4A2C}"
EndProject
Project("{FAE04EC0-301F-11D3-BF4B-00C04F79EFBC}") = "p04_z03", "p04_z03\p04_z03.csproj", "{2EF39925-B71D-4C7A-A30D-729929022670}"
EndProject
Project("{FAE04EC0-301F-11D3-BF4B-00C04F79EFBC}") = "p04_z12", "p04_z12\p04_z12.csproj", "{75F1E04D-381B-48AC-9F7E-5CF56FABD1DC}"
EndProject
Project("{FAE04EC0-301F-11D3-BF4B-00C04F79EFBC}") = "p04_z15", "p04_z15\p04_z15.csproj", "{1B8E5E28-E7F3-494C-A186-1058FEB55EC8}"
EndProject
Project("{FAE04EC0-301F-11D3-BF4B-00C04F79EFBC}") = "p04_z16", "p04_z16\p04_z16.csproj", "{F3502D05-2F02-4234-9475-E0D836E0F761}"
EndProject
Project("{FAE04EC0-301F-11D3-BF4B-00C04F79EFBC}") = "p04_z17", "p04_17\p04_z17.csproj", "{4305BCA2-8A91-49B7-B612-0888F7D9B4D2}"
EndProject
Project("{FAE04EC0-301F-11D3-BF4B-00C04F79EFBC}") = "p04_z05", "p04_z05\p04_z05.csproj", "{3316B42B-46CF-4F18-B0A1-CC9109FE9143}"
EndProject
Project("{FAE04EC0-301F-11D3-BF4B-00C04F79EFBC}") = "p04_z04", "p04_z04\p04_z04.csproj", "{AC1966FE-68E1-4124-844D-F3E8474608FC}"
EndProject
Project("{FAE04EC0-301F-11D3-BF4B-00C04F79EFBC}") = "p04_z06", "p04_z06\p04_z06.csproj", "{1F6CBF26-FE61-4061-96BF-9051372A1265}"
EndProject
Project("{FAE04EC0-301F-11D3-BF4B-00C04F79EFBC}") = "p05_z03", "p05_z03\p05_z03.csproj", "{836CB828-DCC8-4E6F-B267-6D4A5D5936B8}"
EndProject
Project("{FAE04EC0-301F-11D3-BF4B-00C04F79EFBC}") = "p05_z06", "p05_z06\p05_z06.csproj", "{BE43FFA3-4C32-429E-B2C9-ACAEE34FFF58}"
EndProject
Project("{9A19103F-16F7-4668-BE54-9A1E7A4F7556}") = "p01_z13", "p01_z13\p01_z13.csproj", "{C2BEC3DA-E496-4E8A-9071-2680DE8092AA}"
EndProject
Project("{9A19103F-16F7-4668-BE54-9A1E7A4F7556}") = "p01_z17", "p01_z17\p01_z17.csproj", "{4109F860-E761-4B6F-A2F5-11A3E56D647A}"
EndProject
Project("{9A19103F-16F7-4668-BE54-9A1E7A4F7556}") = "p01_z18", "p01_z18\p01_z18.csproj", "{38562FF7-FF5D-45EB-8B86-10344CB8B3F6}"
EndProject
Project("{9A19103F-16F7-4668-BE54-9A1E7A4F7556}") = "p02_z01", "p02_z01\p02_z01.csproj", "{6DC6BC68-9BC0-4BD0-A723-3BAE3DDBAD05}"
EndProject
Project("{9A19103F-16F7-4668-BE54-9A1E7A4F7556}") = "p02_z04", "p02_z04\p02_z04.csproj", "{10DC0B48-BCDD-4C89-B4E9-B7E241643D3C}"
EndProject
Project("{9A19103F-16F7-4668-BE54-9A1E7A4F7556}") = "p02_z05", "p02_z05\p02_z05.csproj", "{10766D40-7AFA-477A-BCDF-4D2DC42EDDD8}"
EndProject
Project("{9A19103F-16F7-4668-BE54-9A1E7A4F7556}") = "p02_z06", "p02_z06\p02_z06.csproj", "{9C9BDF97-E0E6-4BB8-A3CF-5095FD9E215C}"
EndProject
Project("{9A19103F-16F7-4668-BE54-9A1E7A4F7556}") = "p02_z07", "p02_z07\p02_z07.csproj", "{8CC9F08E-1F44-4A8A-8DC0-1CCA03CE1690}"
EndProject
Project("{9A19103F-16F7-4668-BE54-9A1E7A4F7556}") = "p02_z08", "p02_z08\p02_z08.csproj", "{BA16E2BB-2C54-48AF-A0EE-ABD9A6E19ED8}"
EndProject
Project("{9A19103F-16F7-4668-BE54-9A1E7A4F7556}") = "p02_z09", "p02_z09\p02_z09.csproj", "{2286382D-E1DA-4D3B-B25A-07BB2943A3B3}"
EndProject
Project("{9A19103F-16F7-4668-BE54-9A1E7A4F7556}") = "p02_z10", "p02_z10\p02_z10.csproj", "{F215268C-1EBA-4417-B930-BFAB3B9F5E5A}"
EndProject
Project("{9A19103F-16F7-4668-BE54-9A1E7A4F7556}") = "p03_z02", "p03_z02\p03_z02.csproj", "{E302BF1D-8028-432D-928C-CD1738F085C4}"
EndProject
Project("{9A19103F-16F7-4668-BE54-9A1E7A4F7556}") = "p03_z03", "p03_z03\p03_z03.csproj", "{735C6593-6267-4CB6-B6B2-1025240A2392}"
EndProject
Project("{9A19103F-16F7-4668-BE54-9A1E7A4F7556}") = "p03_z04", "p03_z04\p03_z04.csproj", "{02690FA2-0D92-46A2-8CAD-B4B59ECC137D}"
EndProject
Project("{9A19103F-16F7-4668-BE54-9A1E7A4F7556}") = "p03_z05", "p03_z05\p03_z05.csproj", "{EAB8B958-7BC2-4DAF-B219-C0E12E4580E4}"
EndProject
Project("{9A19103F-16F7-4668-BE54-9A1E7A4F7556}") = "p03_z06", "p03_z06\p03_z06.csproj", "{114C4D6E-6EDA-4D6B-8446-0B587AB732EC}"
EndProject
Project("{9A19103F-16F7-4668-BE54-9A1E7A4F7556}") = "p03_z011", "p03_z011\p03_z011.csproj", "{A78BEAC7-587C-426B-8E7B-0338CD9A35EB}"
EndProject
Project("{9A19103F-16F7-4668-BE54-9A1E7A4F7556}") = "p03_z013", "p03_z013\p03_z013.csproj", "{762A634A-7422-4B37-96EA-982C60F49A23}"
EndProject
Project("{9A19103F-16F7-4668-BE54-9A1E7A4F7556}") = "p03_z014", "p03_z014\p03_z014.csproj", "{2842D5AC-A5FA-4F73-98C3-44DCAEF7FDA8}"
EndProject
Project("{9A19103F-16F7-4668-BE54-9A1E7A4F7556}") = "p03_z015", "p03_z015\p03_z015.csproj", "{02C1028F-8E8F-4030-9AD7-0B385E9BD823}"
EndProject
Project("{FAE04EC0-301F-11D3-BF4B-00C04F79EFBC}") = "p05_z05", "p05_z05\p05_z05.csproj", "{334523A8-AAD0-42A1-8DFD-BDB573973398}"
EndProject
Project("{FAE04EC0-301F-11D3-BF4B-00C04F79EFBC}") = "p06_z01", "p06_z01\p06_z01.csproj", "{D22A1389-6E10-4335-8A07-89184C70E2A3}"
EndProject
Project("{FAE04EC0-301F-11D3-BF4B-00C04F79EFBC}") = "p06_z02", "p06_z02\p06_z02.csproj", "{508AB983-53FE-4C9C-92EC-D390B358DA6E}"
EndProject
Project("{FAE04EC0-301F-11D3-BF4B-00C04F79EFBC}") = "p06_z03", "p06_z03\p06_z03.csproj", "{12CC2934-4B9D-4031-9F83-3E1E8D677DAE}"
EndProject
Project("{FAE04EC0-301F-11D3-BF4B-00C04F79EFBC}") = "p06_z04", "p06_z04\p06_z04.csproj", "{BF7728F8-51C6-4B02-85BE-57E8B4743BDA}"
EndProject
Project("{FAE04EC0-301F-11D3-BF4B-00C04F79EFBC}") = "p06_05", "p06_05\p06_05.csproj", "{589EB8B3-D42D-47B9-85CA-0912879B9460}"
EndProject
Project("{FAE04EC0-301F-11D3-BF4B-00C04F79EFBC}") = "p06_z06", "p06_z06\p06_z06.csproj", "{CCEA607B-26B0-40B9-BC5F-E2AF75F3B710}"
EndProject
Project("{FAE04EC0-301F-11D3-BF4B-00C04F79EFBC}") = "p06_z07", "p06_z07\p06_z07.csproj", "{DCF407F1-7FB2-4C0C-9168-450532BF3AE4}"
EndProject
Project("{FAE04EC0-301F-11D3-BF4B-00C04F79EFBC}") = "p06_z08", "p06_z08\p06_z08.csproj", "{0141E096-1294-4BAA-9A2D-85D063BE1018}"
EndProject
Project("{FAE04EC0-301F-11D3-BF4B-00C04F79EFBC}") = "p06_z09", "p06_z09\p06_z09.csproj", "{E1D03CD8-B474-4A49-BD2C-74BAC7F19000}"
EndProject
Project("{FAE04EC0-301F-11D3-BF4B-00C04F79EFBC}") = "p06_z0010", "p06_z0010\p06_z0010.csproj", "{FFAB25A1-57A3-4F1E-A220-FFE93555F189}"
EndProject
Project("{9A19103F-16F7-4668-BE54-9A1E7A4F7556}") = "p06_z15", "p06_z15\p06_z15.csproj", "{79BE11AF-9242-4637-A347-063541F1DB62}"
EndProject
Project("{9A19103F-16F7-4668-BE54-9A1E7A4F7556}") = "p06_z16", "p06_z16\p06_z16.csproj", "{D3931CE3-E3C1-4999-8448-BB9BB39C5B60}"
EndProject
Project("{9A19103F-16F7-4668-BE54-9A1E7A4F7556}") = "p06_z17", "p06_z17\p06_z17.csproj", "{C17F9471-8003-4F75-83B6-F4306CF4ECF2}"
EndProject
Project("{9A19103F-16F7-4668-BE54-9A1E7A4F7556}") = "p06_z18", "p06_z18\p06_z18.csproj", "{5A48E24C-6E53-410D-BFFA-4B792A145C1B}"
EndProject
Project("{9A19103F-16F7-4668-BE54-9A1E7A4F7556}") = "p06_z19", "p06_z19\p06_z19.csproj", "{160AD74A-F4A4-42A1-BEFB-DA2BE131DFF8}"
EndProject
Project("{9A19103F-16F7-4668-BE54-9A1E7A4F7556}") = "p06_z20", "p06_z20\p06_z20.csproj", "{23FF0518-7865-4896-8C5E-CA9D26F6C453}"
EndProject
Project("{9A19103F-16F7-4668-BE54-9A1E7A4F7556}") = "p06_z21", "p06_z21\p06_z21.csproj", "{4191F965-E7C0-41D3-A8CE-1FC5DAF927A5}"
EndProject
Project("{9A19103F-16F7-4668-BE54-9A1E7A4F7556}") = "p06_z22", "p06_z22\p06_z22.csproj", "{E3435929-A10B-4657-8D88-E4F0A09C8376}"
EndProject
Project("{9A19103F-16F7-4668-BE54-9A1E7A4F7556}") = "p06_z028", "p06_z028\p06_z028.csproj", "{30DF3D31-0A6F-4090-903F-1D963FBDE8B8}"
EndProject
Project("{FAE04EC0-301F-11D3-BF4B-00C04F79EFBC}") = "p06_z29", "p06_z29\p06_z29.csproj", "{AE90BA83-0A60-4FAC-BDB7-2345DD4C4276}"
EndProject
Project("{FAE04EC0-301F-11D3-BF4B-00C04F79EFBC}") = "p07_z01", "p07_z01\p07_z01.csproj", "{C1679796-FB5E-4F66-9A82-A9DA132D379C}"
EndProject
Project("{FAE04EC0-301F-11D3-BF4B-00C04F79EFBC}") = "p07_z02", "p07_z02\p07_z02.csproj", "{1DA0188E-22E3-4CE7-809C-A32E5B8D648C}"
EndProject
Project("{FAE04EC0-301F-11D3-BF4B-00C04F79EFBC}") = "p07_03", "p07_03\p07_03.csproj", "{C51F2208-4E55-4317-9E2E-A4A8D8C460F6}"
EndProject
Project("{FAE04EC0-301F-11D3-BF4B-00C04F79EFBC}") = "p07_z04", "p07_z04\p07_z04.csproj", "{BB35FB1A-F57D-4718-ADC6-CE857EE2D5C2}"
EndProject
Project("{FAE04EC0-301F-11D3-BF4B-00C04F79EFBC}") = "p07_z06", "p07_z06\p07_z06.csproj", "{C04EA603-63D8-4AFA-AC28-2678B2C9CC6E}"
EndProject
Project("{9A19103F-16F7-4668-BE54-9A1E7A4F7556}") = "p06_z23", "p06_z23\p06_z23.csproj", "{789BB227-2127-4B8E-B2E1-F7A273BAE51F}"
EndProject
Project("{9A19103F-16F7-4668-BE54-9A1E7A4F7556}") = "p06_z24", "p06_z24\p06_z24.csproj", "{6DEB00C2-B8CD-4507-8CC2-D78875C6AA21}"
EndProject
Project("{FAE04EC0-301F-11D3-BF4B-00C04F79EFBC}") = "p06_z26", "p06_z26\p06_z26.csproj", "{5778B847-5A95-4DB3-9A3E-21913BE2A3DA}"
EndProject
Project("{FAE04EC0-301F-11D3-BF4B-00C04F79EFBC}") = "p07_z07", "p07_z07\p07_z07.csproj", "{6BC47E47-B648-4E6A-AB34-97B59B0B7175}"
EndProject
Project("{FAE04EC0-301F-11D3-BF4B-00C04F79EFBC}") = "p07_z08", "p07_z08\p07_z08.csproj", "{7701589A-16AF-4088-8490-DF19285FBCF3}"
EndProject
Project("{FAE04EC0-301F-11D3-BF4B-00C04F79EFBC}") = "p07_08_v02", "p07_08_v02\p07_08_v02.csproj", "{F8C6C09D-00E7-4399-AFCF-80A7C7CE51D1}"
EndProject
Project("{FAE04EC0-301F-11D3-BF4B-00C04F79EFBC}") = "p07_z09", "p07_z09\p07_z09.csproj", "{03C8C27E-47DD-41CB-A8DF-8B01F70A350D}"
EndProject
Project("{FAE04EC0-301F-11D3-BF4B-00C04F79EFBC}") = "p07_z10", "p07_z10\p07_z10.csproj", "{1CBC626E-AC72-4524-8851-B51599E95BB0}"
EndProject
Project("{FAE04EC0-301F-11D3-BF4B-00C04F79EFBC}") = "p07_z11", "p07_z11\p07_z11.csproj", "{52CB0F10-9C69-4AE0-BCCB-056D6D154302}"
EndProject
Project("{FAE04EC0-301F-11D3-BF4B-00C04F79EFBC}") = "p06_z25", "p06_z25\p06_z25.csproj", "{00C526C4-92B9-4BAE-9C3D-06E4AAC9BB38}"
EndProject
Project("{FAE04EC0-301F-11D3-BF4B-00C04F79EFBC}") = "p06_z27", "p06_z27\p06_z27.csproj", "{8041E036-6210-458A-B802-31EA3FCB741C}"
EndProject
Project("{FAE04EC0-301F-11D3-BF4B-00C04F79EFBC}") = "p08_z01", "p08_z01\p08_z01.csproj", "{5B287D15-3732-4F2B-A6FF-283C5D050A51}"
EndProject
Project("{FAE04EC0-301F-11D3-BF4B-00C04F79EFBC}") = "p08_z02", "p08_z02\p08_z02.csproj", "{23BF1984-77D5-4496-927D-2BFE9A81B5CB}"
EndProject
Project("{FAE04EC0-301F-11D3-BF4B-00C04F79EFBC}") = "p08_z03", "p08_z03\p08_z03.csproj", "{714DD90A-CE0A-4F63-8C69-CC12847DA315}"
EndProject
Project("{FAE04EC0-301F-11D3-BF4B-00C04F79EFBC}") = "p08_z04", "p08_z04\p08_z04.csproj", "{1B62A071-637C-4E51-BEDC-0DE7217C4F65}"
EndProject
Project("{FAE04EC0-301F-11D3-BF4B-00C04F79EFBC}") = "p08_z05", "p08_z05\p08_z05.csproj", "{AAB5D305-1859-4303-A6FD-90FBEBDB2D49}"
EndProject
Project("{FAE04EC0-301F-11D3-BF4B-00C04F79EFBC}") = "p08_z06", "p08_z06\p08_z06.csproj", "{13375F94-FEB8-4F3B-84AE-9F4958D43C20}"
EndProject
Project("{FAE04EC0-301F-11D3-BF4B-00C04F79EFBC}") = "p07_z13", "p07_z13\p07_z13.csproj", "{4C6DC8C4-01BD-4ADA-BC06-7BC595A22C8E}"
EndProject
Project("{FAE04EC0-301F-11D3-BF4B-00C04F79EFBC}") = "p07_z14", "p07_z14\p07_z14.csproj", "{0AF976CB-D1DE-4219-B7C8-3127CF26C743}"
EndProject
Project("{FAE04EC0-301F-11D3-BF4B-00C04F79EFBC}") = "p07_z15", "p07_z15\p07_z15.csproj", "{9008107D-0E38-4865-BCAB-8C8F05359231}"
EndProject
Project("{FAE04EC0-301F-11D3-BF4B-00C04F79EFBC}") = "p07_z16", "p07_z16\p07_z16.csproj", "{B990D07E-DF4E-4643-B1EB-908150F9525F}"
EndProject
Project("{FAE04EC0-301F-11D3-BF4B-00C04F79EFBC}") = "p08_z07", "p08_z07\p08_z07.csproj", "{83FE1609-D45D-4255-9472-310C3E166A6F}"
EndProject
Project("{FAE04EC0-301F-11D3-BF4B-00C04F79EFBC}") = "p07_z12_01", "p07_z12_01\p07_z12_01.csproj", "{68B70606-647F-4065-A053-BBF7A3D357DD}"
EndProject
Project("{FAE04EC0-301F-11D3-BF4B-00C04F79EFBC}") = "p08_z08", "p08_z08\p08_z08.csproj", "{58B23239-6FA1-4D1E-BB84-BCADCB41826E}"
EndProject
Project("{FAE04EC0-301F-11D3-BF4B-00C04F79EFBC}") = "p08_z09", "p08_z09\p08_z09.csproj", "{F08695F1-6B01-44E9-94D2-A27FB347B37C}"
EndProject
Project("{FAE04EC0-301F-11D3-BF4B-00C04F79EFBC}") = "p08_z10", "p08_z10\p08_z10.csproj", "{09CF97AF-BA22-4DE4-A796-6AB473953890}"
EndProject
Project("{FAE04EC0-301F-11D3-BF4B-00C04F79EFBC}") = "p08_z11", "p08_z11\p08_z11.csproj", "{54DB67B3-9321-4891-A0AB-03EB50332BE4}"
EndProject
Project("{FAE04EC0-301F-11D3-BF4B-00C04F79EFBC}") = "p08_z12", "p08_z12\p08_z12.csproj", "{AFC0E14C-7253-4723-A8D7-ECBF8773F7A8}"
EndProject
Project("{FAE04EC0-301F-11D3-BF4B-00C04F79EFBC}") = "p08_z13", "p08_z13\p08_z13.csproj", "{27DA448F-AF7F-48AC-9BD0-56B9A3922ABB}"
EndProject
Project("{FAE04EC0-301F-11D3-BF4B-00C04F79EFBC}") = "p08_z14", "p08_z14\p08_z14.csproj", "{E436D254-2D58-4D13-881F-4D377EEBF5A5}"
EndProject
Project("{FAE04EC0-301F-11D3-BF4B-00C04F79EFBC}") = "p08_z16", "p08_z16\p08_z16.csproj", "{1A3ACC2B-B022-4B86-ACE7-5D2EBE44CE7C}"
EndProject
Project("{FAE04EC0-301F-11D3-BF4B-00C04F79EFBC}") = "p08_z17", "p08_z17\p08_z17.csproj", "{EBFE872D-803A-4279-94B6-C0BDFC3816E7}"
EndProject
Project("{FAE04EC0-301F-11D3-BF4B-00C04F79EFBC}") = "p09_z01", "p09_z01\p09_z01.csproj", "{3F56004F-943C-4B6C-A96A-FE4714298527}"
EndProject
Project("{FAE04EC0-301F-11D3-BF4B-00C04F79EFBC}") = "p09_z02", "p09_z02\p09_z02.csproj", "{C373095C-A760-4EBD-9974-12ABDB9B4DEA}"
EndProject
Project("{FAE04EC0-301F-11D3-BF4B-00C04F79EFBC}") = "p09_z05", "p09_z05\p09_z05.csproj", "{3E2F2076-A322-462B-A55F-ADACDF5A5AA9}"
EndProject
Project("{FAE04EC0-301F-11D3-BF4B-00C04F79EFBC}") = "p10_z01", "p10_z01\p10_z01.csproj", "{5CDCDA81-AFAE-4AFC-8C15-CEE0FAE56C03}"
EndProject
Project("{FAE04EC0-301F-11D3-BF4B-00C04F79EFBC}") = "p10_z02", "p10_z02\p10_z02.csproj", "{A8886633-7CF3-4FE4-940F-7AD4A958A05B}"
EndProject
Global
	GlobalSection(SolutionConfigurationPlatforms) = preSolution
		Debug|Any CPU = Debug|Any CPU
		Release|Any CPU = Release|Any CPU
	EndGlobalSection
	GlobalSection(ProjectConfigurationPlatforms) = postSolution
		{265A02A2-62CA-4C4C-A61A-220D0E375F9F}.Debug|Any CPU.ActiveCfg = Debug|Any CPU
		{265A02A2-62CA-4C4C-A61A-220D0E375F9F}.Debug|Any CPU.Build.0 = Debug|Any CPU
		{265A02A2-62CA-4C4C-A61A-220D0E375F9F}.Release|Any CPU.ActiveCfg = Release|Any CPU
		{265A02A2-62CA-4C4C-A61A-220D0E375F9F}.Release|Any CPU.Build.0 = Release|Any CPU
		{B6CE1EDD-3729-400A-9CA7-2D1480849891}.Debug|Any CPU.ActiveCfg = Debug|Any CPU
		{B6CE1EDD-3729-400A-9CA7-2D1480849891}.Debug|Any CPU.Build.0 = Debug|Any CPU
		{B6CE1EDD-3729-400A-9CA7-2D1480849891}.Release|Any CPU.ActiveCfg = Release|Any CPU
		{B6CE1EDD-3729-400A-9CA7-2D1480849891}.Release|Any CPU.Build.0 = Release|Any CPU
		{29DF816B-0797-4B12-8D1E-0F12D43BCBCA}.Debug|Any CPU.ActiveCfg = Debug|Any CPU
		{29DF816B-0797-4B12-8D1E-0F12D43BCBCA}.Debug|Any CPU.Build.0 = Debug|Any CPU
		{29DF816B-0797-4B12-8D1E-0F12D43BCBCA}.Release|Any CPU.ActiveCfg = Release|Any CPU
		{29DF816B-0797-4B12-8D1E-0F12D43BCBCA}.Release|Any CPU.Build.0 = Release|Any CPU
		{A34E65A4-5D4B-4101-9322-892B6C1E670A}.Debug|Any CPU.ActiveCfg = Debug|Any CPU
		{A34E65A4-5D4B-4101-9322-892B6C1E670A}.Debug|Any CPU.Build.0 = Debug|Any CPU
		{A34E65A4-5D4B-4101-9322-892B6C1E670A}.Release|Any CPU.ActiveCfg = Release|Any CPU
		{A34E65A4-5D4B-4101-9322-892B6C1E670A}.Release|Any CPU.Build.0 = Release|Any CPU
		{ED9F264B-DA64-4690-9EC3-8598C72587E2}.Debug|Any CPU.ActiveCfg = Debug|Any CPU
		{ED9F264B-DA64-4690-9EC3-8598C72587E2}.Debug|Any CPU.Build.0 = Debug|Any CPU
		{ED9F264B-DA64-4690-9EC3-8598C72587E2}.Release|Any CPU.ActiveCfg = Release|Any CPU
		{ED9F264B-DA64-4690-9EC3-8598C72587E2}.Release|Any CPU.Build.0 = Release|Any CPU
		{09C1C9C9-4E4C-4205-A7A2-4A8CDF4B444B}.Debug|Any CPU.ActiveCfg = Debug|Any CPU
		{09C1C9C9-4E4C-4205-A7A2-4A8CDF4B444B}.Debug|Any CPU.Build.0 = Debug|Any CPU
		{09C1C9C9-4E4C-4205-A7A2-4A8CDF4B444B}.Release|Any CPU.ActiveCfg = Release|Any CPU
		{09C1C9C9-4E4C-4205-A7A2-4A8CDF4B444B}.Release|Any CPU.Build.0 = Release|Any CPU
		{E258F037-0A33-4C3A-AA1C-243EBF87C058}.Debug|Any CPU.ActiveCfg = Debug|Any CPU
		{E258F037-0A33-4C3A-AA1C-243EBF87C058}.Debug|Any CPU.Build.0 = Debug|Any CPU
		{E258F037-0A33-4C3A-AA1C-243EBF87C058}.Release|Any CPU.ActiveCfg = Release|Any CPU
		{E258F037-0A33-4C3A-AA1C-243EBF87C058}.Release|Any CPU.Build.0 = Release|Any CPU
		{0D4AFDF4-43DD-45C8-9163-93810F75C8C0}.Debug|Any CPU.ActiveCfg = Debug|Any CPU
		{0D4AFDF4-43DD-45C8-9163-93810F75C8C0}.Debug|Any CPU.Build.0 = Debug|Any CPU
		{0D4AFDF4-43DD-45C8-9163-93810F75C8C0}.Release|Any CPU.ActiveCfg = Release|Any CPU
		{0D4AFDF4-43DD-45C8-9163-93810F75C8C0}.Release|Any CPU.Build.0 = Release|Any CPU
		{855A1AD9-567E-48A0-AD40-ADBE75CC1F8B}.Debug|Any CPU.ActiveCfg = Debug|Any CPU
		{855A1AD9-567E-48A0-AD40-ADBE75CC1F8B}.Debug|Any CPU.Build.0 = Debug|Any CPU
		{855A1AD9-567E-48A0-AD40-ADBE75CC1F8B}.Release|Any CPU.ActiveCfg = Release|Any CPU
		{855A1AD9-567E-48A0-AD40-ADBE75CC1F8B}.Release|Any CPU.Build.0 = Release|Any CPU
		{636239C3-584A-449D-9E84-EC14ACD70864}.Debug|Any CPU.ActiveCfg = Debug|Any CPU
		{636239C3-584A-449D-9E84-EC14ACD70864}.Debug|Any CPU.Build.0 = Debug|Any CPU
		{636239C3-584A-449D-9E84-EC14ACD70864}.Release|Any CPU.ActiveCfg = Release|Any CPU
		{636239C3-584A-449D-9E84-EC14ACD70864}.Release|Any CPU.Build.0 = Release|Any CPU
		{4044ABC0-4276-4170-AAD5-C13ECDF39EEC}.Debug|Any CPU.ActiveCfg = Debug|Any CPU
		{4044ABC0-4276-4170-AAD5-C13ECDF39EEC}.Debug|Any CPU.Build.0 = Debug|Any CPU
		{4044ABC0-4276-4170-AAD5-C13ECDF39EEC}.Release|Any CPU.ActiveCfg = Release|Any CPU
		{4044ABC0-4276-4170-AAD5-C13ECDF39EEC}.Release|Any CPU.Build.0 = Release|Any CPU
		{D561DA55-B93C-4082-AEF3-575928DF254C}.Debug|Any CPU.ActiveCfg = Debug|Any CPU
		{D561DA55-B93C-4082-AEF3-575928DF254C}.Debug|Any CPU.Build.0 = Debug|Any CPU
		{D561DA55-B93C-4082-AEF3-575928DF254C}.Release|Any CPU.ActiveCfg = Release|Any CPU
		{D561DA55-B93C-4082-AEF3-575928DF254C}.Release|Any CPU.Build.0 = Release|Any CPU
		{490D6065-6A30-471B-AC14-61193C7A0287}.Debug|Any CPU.ActiveCfg = Debug|Any CPU
		{490D6065-6A30-471B-AC14-61193C7A0287}.Debug|Any CPU.Build.0 = Debug|Any CPU
		{490D6065-6A30-471B-AC14-61193C7A0287}.Release|Any CPU.ActiveCfg = Release|Any CPU
		{490D6065-6A30-471B-AC14-61193C7A0287}.Release|Any CPU.Build.0 = Release|Any CPU
		{383F8687-3CFF-48DA-BA4D-2A39F85B0CC4}.Debug|Any CPU.ActiveCfg = Debug|Any CPU
		{383F8687-3CFF-48DA-BA4D-2A39F85B0CC4}.Debug|Any CPU.Build.0 = Debug|Any CPU
		{383F8687-3CFF-48DA-BA4D-2A39F85B0CC4}.Release|Any CPU.ActiveCfg = Release|Any CPU
		{383F8687-3CFF-48DA-BA4D-2A39F85B0CC4}.Release|Any CPU.Build.0 = Release|Any CPU
		{1BCE4113-5350-4788-831C-FF4142E2D5FD}.Debug|Any CPU.ActiveCfg = Debug|Any CPU
		{1BCE4113-5350-4788-831C-FF4142E2D5FD}.Debug|Any CPU.Build.0 = Debug|Any CPU
		{1BCE4113-5350-4788-831C-FF4142E2D5FD}.Release|Any CPU.ActiveCfg = Release|Any CPU
		{1BCE4113-5350-4788-831C-FF4142E2D5FD}.Release|Any CPU.Build.0 = Release|Any CPU
		{07F84D8A-9553-4B1E-A60B-C222F40899AF}.Debug|Any CPU.ActiveCfg = Debug|Any CPU
		{07F84D8A-9553-4B1E-A60B-C222F40899AF}.Debug|Any CPU.Build.0 = Debug|Any CPU
		{07F84D8A-9553-4B1E-A60B-C222F40899AF}.Release|Any CPU.ActiveCfg = Release|Any CPU
		{07F84D8A-9553-4B1E-A60B-C222F40899AF}.Release|Any CPU.Build.0 = Release|Any CPU
		{83BC8DD0-1E9E-4410-8CD7-D08D7256C2B2}.Debug|Any CPU.ActiveCfg = Debug|Any CPU
		{83BC8DD0-1E9E-4410-8CD7-D08D7256C2B2}.Debug|Any CPU.Build.0 = Debug|Any CPU
		{83BC8DD0-1E9E-4410-8CD7-D08D7256C2B2}.Release|Any CPU.ActiveCfg = Release|Any CPU
		{83BC8DD0-1E9E-4410-8CD7-D08D7256C2B2}.Release|Any CPU.Build.0 = Release|Any CPU
		{6DA33115-F64A-4C85-AE17-EEE14CD811E2}.Debug|Any CPU.ActiveCfg = Debug|Any CPU
		{6DA33115-F64A-4C85-AE17-EEE14CD811E2}.Debug|Any CPU.Build.0 = Debug|Any CPU
		{6DA33115-F64A-4C85-AE17-EEE14CD811E2}.Release|Any CPU.ActiveCfg = Release|Any CPU
		{6DA33115-F64A-4C85-AE17-EEE14CD811E2}.Release|Any CPU.Build.0 = Release|Any CPU
		{F7A52C3D-2A20-4877-B3E1-D6A216FE8C50}.Debug|Any CPU.ActiveCfg = Debug|Any CPU
		{F7A52C3D-2A20-4877-B3E1-D6A216FE8C50}.Debug|Any CPU.Build.0 = Debug|Any CPU
		{F7A52C3D-2A20-4877-B3E1-D6A216FE8C50}.Release|Any CPU.ActiveCfg = Release|Any CPU
		{F7A52C3D-2A20-4877-B3E1-D6A216FE8C50}.Release|Any CPU.Build.0 = Release|Any CPU
		{CAF6A824-D73C-45BD-920D-A3E47E2EC092}.Debug|Any CPU.ActiveCfg = Debug|Any CPU
		{CAF6A824-D73C-45BD-920D-A3E47E2EC092}.Debug|Any CPU.Build.0 = Debug|Any CPU
		{CAF6A824-D73C-45BD-920D-A3E47E2EC092}.Release|Any CPU.ActiveCfg = Release|Any CPU
		{CAF6A824-D73C-45BD-920D-A3E47E2EC092}.Release|Any CPU.Build.0 = Release|Any CPU
		{B600999B-0FEE-4D8B-AC36-BDB2101F4252}.Debug|Any CPU.ActiveCfg = Debug|Any CPU
		{B600999B-0FEE-4D8B-AC36-BDB2101F4252}.Debug|Any CPU.Build.0 = Debug|Any CPU
		{B600999B-0FEE-4D8B-AC36-BDB2101F4252}.Release|Any CPU.ActiveCfg = Release|Any CPU
		{B600999B-0FEE-4D8B-AC36-BDB2101F4252}.Release|Any CPU.Build.0 = Release|Any CPU
		{4420C8AD-8F8D-46ED-9DF6-9D10CB558D99}.Debug|Any CPU.ActiveCfg = Debug|Any CPU
		{4420C8AD-8F8D-46ED-9DF6-9D10CB558D99}.Debug|Any CPU.Build.0 = Debug|Any CPU
		{4420C8AD-8F8D-46ED-9DF6-9D10CB558D99}.Release|Any CPU.ActiveCfg = Release|Any CPU
		{4420C8AD-8F8D-46ED-9DF6-9D10CB558D99}.Release|Any CPU.Build.0 = Release|Any CPU
		{70A26763-0D7C-4C92-863F-562AEEE3B74D}.Debug|Any CPU.ActiveCfg = Debug|Any CPU
		{70A26763-0D7C-4C92-863F-562AEEE3B74D}.Debug|Any CPU.Build.0 = Debug|Any CPU
		{70A26763-0D7C-4C92-863F-562AEEE3B74D}.Release|Any CPU.ActiveCfg = Release|Any CPU
		{70A26763-0D7C-4C92-863F-562AEEE3B74D}.Release|Any CPU.Build.0 = Release|Any CPU
		{88F5BAEF-99E6-4BF5-BDDA-758F4E26BB52}.Debug|Any CPU.ActiveCfg = Debug|Any CPU
		{88F5BAEF-99E6-4BF5-BDDA-758F4E26BB52}.Debug|Any CPU.Build.0 = Debug|Any CPU
		{88F5BAEF-99E6-4BF5-BDDA-758F4E26BB52}.Release|Any CPU.ActiveCfg = Release|Any CPU
		{88F5BAEF-99E6-4BF5-BDDA-758F4E26BB52}.Release|Any CPU.Build.0 = Release|Any CPU
		{314BE3A2-BE9B-4A42-B415-3DC934A4D0AA}.Debug|Any CPU.ActiveCfg = Debug|Any CPU
		{314BE3A2-BE9B-4A42-B415-3DC934A4D0AA}.Debug|Any CPU.Build.0 = Debug|Any CPU
		{314BE3A2-BE9B-4A42-B415-3DC934A4D0AA}.Release|Any CPU.ActiveCfg = Release|Any CPU
		{314BE3A2-BE9B-4A42-B415-3DC934A4D0AA}.Release|Any CPU.Build.0 = Release|Any CPU
		{39A50856-C4DF-4E5A-8E6D-A3C65EAB6420}.Debug|Any CPU.ActiveCfg = Debug|Any CPU
		{39A50856-C4DF-4E5A-8E6D-A3C65EAB6420}.Debug|Any CPU.Build.0 = Debug|Any CPU
		{39A50856-C4DF-4E5A-8E6D-A3C65EAB6420}.Release|Any CPU.ActiveCfg = Release|Any CPU
		{39A50856-C4DF-4E5A-8E6D-A3C65EAB6420}.Release|Any CPU.Build.0 = Release|Any CPU
		{124AAA3A-B85C-4E39-A5A3-69C632C8D00C}.Debug|Any CPU.ActiveCfg = Debug|Any CPU
		{124AAA3A-B85C-4E39-A5A3-69C632C8D00C}.Debug|Any CPU.Build.0 = Debug|Any CPU
		{124AAA3A-B85C-4E39-A5A3-69C632C8D00C}.Release|Any CPU.ActiveCfg = Release|Any CPU
		{124AAA3A-B85C-4E39-A5A3-69C632C8D00C}.Release|Any CPU.Build.0 = Release|Any CPU
		{B9239506-5AD0-4409-90AA-1CDAA6FFDBEA}.Debug|Any CPU.ActiveCfg = Debug|Any CPU
		{B9239506-5AD0-4409-90AA-1CDAA6FFDBEA}.Debug|Any CPU.Build.0 = Debug|Any CPU
		{B9239506-5AD0-4409-90AA-1CDAA6FFDBEA}.Release|Any CPU.ActiveCfg = Release|Any CPU
		{B9239506-5AD0-4409-90AA-1CDAA6FFDBEA}.Release|Any CPU.Build.0 = Release|Any CPU
		{FCFC93D7-0EE1-4530-AEC7-8B6934EA1CB7}.Debug|Any CPU.ActiveCfg = Debug|Any CPU
		{FCFC93D7-0EE1-4530-AEC7-8B6934EA1CB7}.Debug|Any CPU.Build.0 = Debug|Any CPU
		{FCFC93D7-0EE1-4530-AEC7-8B6934EA1CB7}.Release|Any CPU.ActiveCfg = Release|Any CPU
		{FCFC93D7-0EE1-4530-AEC7-8B6934EA1CB7}.Release|Any CPU.Build.0 = Release|Any CPU
		{92260BC2-FE23-4E45-BAC2-58D0630B3348}.Debug|Any CPU.ActiveCfg = Debug|Any CPU
		{92260BC2-FE23-4E45-BAC2-58D0630B3348}.Debug|Any CPU.Build.0 = Debug|Any CPU
		{92260BC2-FE23-4E45-BAC2-58D0630B3348}.Release|Any CPU.ActiveCfg = Release|Any CPU
		{92260BC2-FE23-4E45-BAC2-58D0630B3348}.Release|Any CPU.Build.0 = Release|Any CPU
		{43A47383-07AC-4863-B222-2AC0307E8CB3}.Debug|Any CPU.ActiveCfg = Debug|Any CPU
		{43A47383-07AC-4863-B222-2AC0307E8CB3}.Debug|Any CPU.Build.0 = Debug|Any CPU
		{43A47383-07AC-4863-B222-2AC0307E8CB3}.Release|Any CPU.ActiveCfg = Release|Any CPU
		{43A47383-07AC-4863-B222-2AC0307E8CB3}.Release|Any CPU.Build.0 = Release|Any CPU
		{4EE94091-8969-4EC2-B534-35DFA9E3E3F9}.Debug|Any CPU.ActiveCfg = Debug|Any CPU
		{4EE94091-8969-4EC2-B534-35DFA9E3E3F9}.Debug|Any CPU.Build.0 = Debug|Any CPU
		{4EE94091-8969-4EC2-B534-35DFA9E3E3F9}.Release|Any CPU.ActiveCfg = Release|Any CPU
		{4EE94091-8969-4EC2-B534-35DFA9E3E3F9}.Release|Any CPU.Build.0 = Release|Any CPU
		{ECE0FBED-B7FF-4E34-9322-FAC8E66E4A2C}.Debug|Any CPU.ActiveCfg = Debug|Any CPU
		{ECE0FBED-B7FF-4E34-9322-FAC8E66E4A2C}.Debug|Any CPU.Build.0 = Debug|Any CPU
		{ECE0FBED-B7FF-4E34-9322-FAC8E66E4A2C}.Release|Any CPU.ActiveCfg = Release|Any CPU
		{ECE0FBED-B7FF-4E34-9322-FAC8E66E4A2C}.Release|Any CPU.Build.0 = Release|Any CPU
		{2EF39925-B71D-4C7A-A30D-729929022670}.Debug|Any CPU.ActiveCfg = Debug|Any CPU
		{2EF39925-B71D-4C7A-A30D-729929022670}.Debug|Any CPU.Build.0 = Debug|Any CPU
		{2EF39925-B71D-4C7A-A30D-729929022670}.Release|Any CPU.ActiveCfg = Release|Any CPU
		{2EF39925-B71D-4C7A-A30D-729929022670}.Release|Any CPU.Build.0 = Release|Any CPU
		{75F1E04D-381B-48AC-9F7E-5CF56FABD1DC}.Debug|Any CPU.ActiveCfg = Debug|Any CPU
		{75F1E04D-381B-48AC-9F7E-5CF56FABD1DC}.Debug|Any CPU.Build.0 = Debug|Any CPU
		{75F1E04D-381B-48AC-9F7E-5CF56FABD1DC}.Release|Any CPU.ActiveCfg = Release|Any CPU
		{75F1E04D-381B-48AC-9F7E-5CF56FABD1DC}.Release|Any CPU.Build.0 = Release|Any CPU
		{1B8E5E28-E7F3-494C-A186-1058FEB55EC8}.Debug|Any CPU.ActiveCfg = Debug|Any CPU
		{1B8E5E28-E7F3-494C-A186-1058FEB55EC8}.Debug|Any CPU.Build.0 = Debug|Any CPU
		{1B8E5E28-E7F3-494C-A186-1058FEB55EC8}.Release|Any CPU.ActiveCfg = Release|Any CPU
		{1B8E5E28-E7F3-494C-A186-1058FEB55EC8}.Release|Any CPU.Build.0 = Release|Any CPU
		{F3502D05-2F02-4234-9475-E0D836E0F761}.Debug|Any CPU.ActiveCfg = Debug|Any CPU
		{F3502D05-2F02-4234-9475-E0D836E0F761}.Debug|Any CPU.Build.0 = Debug|Any CPU
		{F3502D05-2F02-4234-9475-E0D836E0F761}.Release|Any CPU.ActiveCfg = Release|Any CPU
		{F3502D05-2F02-4234-9475-E0D836E0F761}.Release|Any CPU.Build.0 = Release|Any CPU
		{4305BCA2-8A91-49B7-B612-0888F7D9B4D2}.Debug|Any CPU.ActiveCfg = Debug|Any CPU
		{4305BCA2-8A91-49B7-B612-0888F7D9B4D2}.Debug|Any CPU.Build.0 = Debug|Any CPU
		{4305BCA2-8A91-49B7-B612-0888F7D9B4D2}.Release|Any CPU.ActiveCfg = Release|Any CPU
		{4305BCA2-8A91-49B7-B612-0888F7D9B4D2}.Release|Any CPU.Build.0 = Release|Any CPU
		{3316B42B-46CF-4F18-B0A1-CC9109FE9143}.Debug|Any CPU.ActiveCfg = Debug|Any CPU
		{3316B42B-46CF-4F18-B0A1-CC9109FE9143}.Debug|Any CPU.Build.0 = Debug|Any CPU
		{3316B42B-46CF-4F18-B0A1-CC9109FE9143}.Release|Any CPU.ActiveCfg = Release|Any CPU
		{3316B42B-46CF-4F18-B0A1-CC9109FE9143}.Release|Any CPU.Build.0 = Release|Any CPU
		{AC1966FE-68E1-4124-844D-F3E8474608FC}.Debug|Any CPU.ActiveCfg = Debug|Any CPU
		{AC1966FE-68E1-4124-844D-F3E8474608FC}.Debug|Any CPU.Build.0 = Debug|Any CPU
		{AC1966FE-68E1-4124-844D-F3E8474608FC}.Release|Any CPU.ActiveCfg = Release|Any CPU
		{AC1966FE-68E1-4124-844D-F3E8474608FC}.Release|Any CPU.Build.0 = Release|Any CPU
		{1F6CBF26-FE61-4061-96BF-9051372A1265}.Debug|Any CPU.ActiveCfg = Debug|Any CPU
		{1F6CBF26-FE61-4061-96BF-9051372A1265}.Debug|Any CPU.Build.0 = Debug|Any CPU
		{1F6CBF26-FE61-4061-96BF-9051372A1265}.Release|Any CPU.ActiveCfg = Release|Any CPU
		{1F6CBF26-FE61-4061-96BF-9051372A1265}.Release|Any CPU.Build.0 = Release|Any CPU
		{836CB828-DCC8-4E6F-B267-6D4A5D5936B8}.Debug|Any CPU.ActiveCfg = Debug|Any CPU
		{836CB828-DCC8-4E6F-B267-6D4A5D5936B8}.Debug|Any CPU.Build.0 = Debug|Any CPU
		{836CB828-DCC8-4E6F-B267-6D4A5D5936B8}.Release|Any CPU.ActiveCfg = Release|Any CPU
		{836CB828-DCC8-4E6F-B267-6D4A5D5936B8}.Release|Any CPU.Build.0 = Release|Any CPU
		{BE43FFA3-4C32-429E-B2C9-ACAEE34FFF58}.Debug|Any CPU.ActiveCfg = Debug|Any CPU
		{BE43FFA3-4C32-429E-B2C9-ACAEE34FFF58}.Debug|Any CPU.Build.0 = Debug|Any CPU
		{BE43FFA3-4C32-429E-B2C9-ACAEE34FFF58}.Release|Any CPU.ActiveCfg = Release|Any CPU
		{BE43FFA3-4C32-429E-B2C9-ACAEE34FFF58}.Release|Any CPU.Build.0 = Release|Any CPU
		{C2BEC3DA-E496-4E8A-9071-2680DE8092AA}.Debug|Any CPU.ActiveCfg = Debug|Any CPU
		{C2BEC3DA-E496-4E8A-9071-2680DE8092AA}.Debug|Any CPU.Build.0 = Debug|Any CPU
		{C2BEC3DA-E496-4E8A-9071-2680DE8092AA}.Release|Any CPU.ActiveCfg = Release|Any CPU
		{C2BEC3DA-E496-4E8A-9071-2680DE8092AA}.Release|Any CPU.Build.0 = Release|Any CPU
		{4109F860-E761-4B6F-A2F5-11A3E56D647A}.Debug|Any CPU.ActiveCfg = Debug|Any CPU
		{4109F860-E761-4B6F-A2F5-11A3E56D647A}.Debug|Any CPU.Build.0 = Debug|Any CPU
		{4109F860-E761-4B6F-A2F5-11A3E56D647A}.Release|Any CPU.ActiveCfg = Release|Any CPU
		{4109F860-E761-4B6F-A2F5-11A3E56D647A}.Release|Any CPU.Build.0 = Release|Any CPU
		{38562FF7-FF5D-45EB-8B86-10344CB8B3F6}.Debug|Any CPU.ActiveCfg = Debug|Any CPU
		{38562FF7-FF5D-45EB-8B86-10344CB8B3F6}.Debug|Any CPU.Build.0 = Debug|Any CPU
		{38562FF7-FF5D-45EB-8B86-10344CB8B3F6}.Release|Any CPU.ActiveCfg = Release|Any CPU
		{38562FF7-FF5D-45EB-8B86-10344CB8B3F6}.Release|Any CPU.Build.0 = Release|Any CPU
		{6DC6BC68-9BC0-4BD0-A723-3BAE3DDBAD05}.Debug|Any CPU.ActiveCfg = Debug|Any CPU
		{6DC6BC68-9BC0-4BD0-A723-3BAE3DDBAD05}.Debug|Any CPU.Build.0 = Debug|Any CPU
		{6DC6BC68-9BC0-4BD0-A723-3BAE3DDBAD05}.Release|Any CPU.ActiveCfg = Release|Any CPU
		{6DC6BC68-9BC0-4BD0-A723-3BAE3DDBAD05}.Release|Any CPU.Build.0 = Release|Any CPU
		{10DC0B48-BCDD-4C89-B4E9-B7E241643D3C}.Debug|Any CPU.ActiveCfg = Debug|Any CPU
		{10DC0B48-BCDD-4C89-B4E9-B7E241643D3C}.Debug|Any CPU.Build.0 = Debug|Any CPU
		{10DC0B48-BCDD-4C89-B4E9-B7E241643D3C}.Release|Any CPU.ActiveCfg = Release|Any CPU
		{10DC0B48-BCDD-4C89-B4E9-B7E241643D3C}.Release|Any CPU.Build.0 = Release|Any CPU
		{10766D40-7AFA-477A-BCDF-4D2DC42EDDD8}.Debug|Any CPU.ActiveCfg = Debug|Any CPU
		{10766D40-7AFA-477A-BCDF-4D2DC42EDDD8}.Debug|Any CPU.Build.0 = Debug|Any CPU
		{10766D40-7AFA-477A-BCDF-4D2DC42EDDD8}.Release|Any CPU.ActiveCfg = Release|Any CPU
		{10766D40-7AFA-477A-BCDF-4D2DC42EDDD8}.Release|Any CPU.Build.0 = Release|Any CPU
		{9C9BDF97-E0E6-4BB8-A3CF-5095FD9E215C}.Debug|Any CPU.ActiveCfg = Debug|Any CPU
		{9C9BDF97-E0E6-4BB8-A3CF-5095FD9E215C}.Debug|Any CPU.Build.0 = Debug|Any CPU
		{9C9BDF97-E0E6-4BB8-A3CF-5095FD9E215C}.Release|Any CPU.ActiveCfg = Release|Any CPU
		{9C9BDF97-E0E6-4BB8-A3CF-5095FD9E215C}.Release|Any CPU.Build.0 = Release|Any CPU
		{8CC9F08E-1F44-4A8A-8DC0-1CCA03CE1690}.Debug|Any CPU.ActiveCfg = Debug|Any CPU
		{8CC9F08E-1F44-4A8A-8DC0-1CCA03CE1690}.Debug|Any CPU.Build.0 = Debug|Any CPU
		{8CC9F08E-1F44-4A8A-8DC0-1CCA03CE1690}.Release|Any CPU.ActiveCfg = Release|Any CPU
		{8CC9F08E-1F44-4A8A-8DC0-1CCA03CE1690}.Release|Any CPU.Build.0 = Release|Any CPU
		{BA16E2BB-2C54-48AF-A0EE-ABD9A6E19ED8}.Debug|Any CPU.ActiveCfg = Debug|Any CPU
		{BA16E2BB-2C54-48AF-A0EE-ABD9A6E19ED8}.Debug|Any CPU.Build.0 = Debug|Any CPU
		{BA16E2BB-2C54-48AF-A0EE-ABD9A6E19ED8}.Release|Any CPU.ActiveCfg = Release|Any CPU
		{BA16E2BB-2C54-48AF-A0EE-ABD9A6E19ED8}.Release|Any CPU.Build.0 = Release|Any CPU
		{2286382D-E1DA-4D3B-B25A-07BB2943A3B3}.Debug|Any CPU.ActiveCfg = Debug|Any CPU
		{2286382D-E1DA-4D3B-B25A-07BB2943A3B3}.Debug|Any CPU.Build.0 = Debug|Any CPU
		{2286382D-E1DA-4D3B-B25A-07BB2943A3B3}.Release|Any CPU.ActiveCfg = Release|Any CPU
		{2286382D-E1DA-4D3B-B25A-07BB2943A3B3}.Release|Any CPU.Build.0 = Release|Any CPU
		{F215268C-1EBA-4417-B930-BFAB3B9F5E5A}.Debug|Any CPU.ActiveCfg = Debug|Any CPU
		{F215268C-1EBA-4417-B930-BFAB3B9F5E5A}.Debug|Any CPU.Build.0 = Debug|Any CPU
		{F215268C-1EBA-4417-B930-BFAB3B9F5E5A}.Release|Any CPU.ActiveCfg = Release|Any CPU
		{F215268C-1EBA-4417-B930-BFAB3B9F5E5A}.Release|Any CPU.Build.0 = Release|Any CPU
		{E302BF1D-8028-432D-928C-CD1738F085C4}.Debug|Any CPU.ActiveCfg = Debug|Any CPU
		{E302BF1D-8028-432D-928C-CD1738F085C4}.Debug|Any CPU.Build.0 = Debug|Any CPU
		{E302BF1D-8028-432D-928C-CD1738F085C4}.Release|Any CPU.ActiveCfg = Release|Any CPU
		{E302BF1D-8028-432D-928C-CD1738F085C4}.Release|Any CPU.Build.0 = Release|Any CPU
		{735C6593-6267-4CB6-B6B2-1025240A2392}.Debug|Any CPU.ActiveCfg = Debug|Any CPU
		{735C6593-6267-4CB6-B6B2-1025240A2392}.Debug|Any CPU.Build.0 = Debug|Any CPU
		{735C6593-6267-4CB6-B6B2-1025240A2392}.Release|Any CPU.ActiveCfg = Release|Any CPU
		{735C6593-6267-4CB6-B6B2-1025240A2392}.Release|Any CPU.Build.0 = Release|Any CPU
		{02690FA2-0D92-46A2-8CAD-B4B59ECC137D}.Debug|Any CPU.ActiveCfg = Debug|Any CPU
		{02690FA2-0D92-46A2-8CAD-B4B59ECC137D}.Debug|Any CPU.Build.0 = Debug|Any CPU
		{02690FA2-0D92-46A2-8CAD-B4B59ECC137D}.Release|Any CPU.ActiveCfg = Release|Any CPU
		{02690FA2-0D92-46A2-8CAD-B4B59ECC137D}.Release|Any CPU.Build.0 = Release|Any CPU
		{EAB8B958-7BC2-4DAF-B219-C0E12E4580E4}.Debug|Any CPU.ActiveCfg = Debug|Any CPU
		{EAB8B958-7BC2-4DAF-B219-C0E12E4580E4}.Debug|Any CPU.Build.0 = Debug|Any CPU
		{EAB8B958-7BC2-4DAF-B219-C0E12E4580E4}.Release|Any CPU.ActiveCfg = Release|Any CPU
		{EAB8B958-7BC2-4DAF-B219-C0E12E4580E4}.Release|Any CPU.Build.0 = Release|Any CPU
		{114C4D6E-6EDA-4D6B-8446-0B587AB732EC}.Debug|Any CPU.ActiveCfg = Debug|Any CPU
		{114C4D6E-6EDA-4D6B-8446-0B587AB732EC}.Debug|Any CPU.Build.0 = Debug|Any CPU
		{114C4D6E-6EDA-4D6B-8446-0B587AB732EC}.Release|Any CPU.ActiveCfg = Release|Any CPU
		{114C4D6E-6EDA-4D6B-8446-0B587AB732EC}.Release|Any CPU.Build.0 = Release|Any CPU
		{A78BEAC7-587C-426B-8E7B-0338CD9A35EB}.Debug|Any CPU.ActiveCfg = Debug|Any CPU
		{A78BEAC7-587C-426B-8E7B-0338CD9A35EB}.Debug|Any CPU.Build.0 = Debug|Any CPU
		{A78BEAC7-587C-426B-8E7B-0338CD9A35EB}.Release|Any CPU.ActiveCfg = Release|Any CPU
		{A78BEAC7-587C-426B-8E7B-0338CD9A35EB}.Release|Any CPU.Build.0 = Release|Any CPU
		{762A634A-7422-4B37-96EA-982C60F49A23}.Debug|Any CPU.ActiveCfg = Debug|Any CPU
		{762A634A-7422-4B37-96EA-982C60F49A23}.Debug|Any CPU.Build.0 = Debug|Any CPU
		{762A634A-7422-4B37-96EA-982C60F49A23}.Release|Any CPU.ActiveCfg = Release|Any CPU
		{762A634A-7422-4B37-96EA-982C60F49A23}.Release|Any CPU.Build.0 = Release|Any CPU
		{2842D5AC-A5FA-4F73-98C3-44DCAEF7FDA8}.Debug|Any CPU.ActiveCfg = Debug|Any CPU
		{2842D5AC-A5FA-4F73-98C3-44DCAEF7FDA8}.Debug|Any CPU.Build.0 = Debug|Any CPU
		{2842D5AC-A5FA-4F73-98C3-44DCAEF7FDA8}.Release|Any CPU.ActiveCfg = Release|Any CPU
		{2842D5AC-A5FA-4F73-98C3-44DCAEF7FDA8}.Release|Any CPU.Build.0 = Release|Any CPU
		{02C1028F-8E8F-4030-9AD7-0B385E9BD823}.Debug|Any CPU.ActiveCfg = Debug|Any CPU
		{02C1028F-8E8F-4030-9AD7-0B385E9BD823}.Debug|Any CPU.Build.0 = Debug|Any CPU
		{02C1028F-8E8F-4030-9AD7-0B385E9BD823}.Release|Any CPU.ActiveCfg = Release|Any CPU
		{02C1028F-8E8F-4030-9AD7-0B385E9BD823}.Release|Any CPU.Build.0 = Release|Any CPU
		{334523A8-AAD0-42A1-8DFD-BDB573973398}.Debug|Any CPU.ActiveCfg = Debug|Any CPU
		{334523A8-AAD0-42A1-8DFD-BDB573973398}.Debug|Any CPU.Build.0 = Debug|Any CPU
		{334523A8-AAD0-42A1-8DFD-BDB573973398}.Release|Any CPU.ActiveCfg = Release|Any CPU
		{334523A8-AAD0-42A1-8DFD-BDB573973398}.Release|Any CPU.Build.0 = Release|Any CPU
		{D22A1389-6E10-4335-8A07-89184C70E2A3}.Debug|Any CPU.ActiveCfg = Debug|Any CPU
		{D22A1389-6E10-4335-8A07-89184C70E2A3}.Debug|Any CPU.Build.0 = Debug|Any CPU
		{D22A1389-6E10-4335-8A07-89184C70E2A3}.Release|Any CPU.ActiveCfg = Release|Any CPU
		{D22A1389-6E10-4335-8A07-89184C70E2A3}.Release|Any CPU.Build.0 = Release|Any CPU
		{508AB983-53FE-4C9C-92EC-D390B358DA6E}.Debug|Any CPU.ActiveCfg = Debug|Any CPU
		{508AB983-53FE-4C9C-92EC-D390B358DA6E}.Debug|Any CPU.Build.0 = Debug|Any CPU
		{508AB983-53FE-4C9C-92EC-D390B358DA6E}.Release|Any CPU.ActiveCfg = Release|Any CPU
		{508AB983-53FE-4C9C-92EC-D390B358DA6E}.Release|Any CPU.Build.0 = Release|Any CPU
		{12CC2934-4B9D-4031-9F83-3E1E8D677DAE}.Debug|Any CPU.ActiveCfg = Debug|Any CPU
		{12CC2934-4B9D-4031-9F83-3E1E8D677DAE}.Debug|Any CPU.Build.0 = Debug|Any CPU
		{12CC2934-4B9D-4031-9F83-3E1E8D677DAE}.Release|Any CPU.ActiveCfg = Release|Any CPU
		{12CC2934-4B9D-4031-9F83-3E1E8D677DAE}.Release|Any CPU.Build.0 = Release|Any CPU
		{BF7728F8-51C6-4B02-85BE-57E8B4743BDA}.Debug|Any CPU.ActiveCfg = Debug|Any CPU
		{BF7728F8-51C6-4B02-85BE-57E8B4743BDA}.Debug|Any CPU.Build.0 = Debug|Any CPU
		{BF7728F8-51C6-4B02-85BE-57E8B4743BDA}.Release|Any CPU.ActiveCfg = Release|Any CPU
		{BF7728F8-51C6-4B02-85BE-57E8B4743BDA}.Release|Any CPU.Build.0 = Release|Any CPU
		{589EB8B3-D42D-47B9-85CA-0912879B9460}.Debug|Any CPU.ActiveCfg = Debug|Any CPU
		{589EB8B3-D42D-47B9-85CA-0912879B9460}.Debug|Any CPU.Build.0 = Debug|Any CPU
		{589EB8B3-D42D-47B9-85CA-0912879B9460}.Release|Any CPU.ActiveCfg = Release|Any CPU
		{589EB8B3-D42D-47B9-85CA-0912879B9460}.Release|Any CPU.Build.0 = Release|Any CPU
		{CCEA607B-26B0-40B9-BC5F-E2AF75F3B710}.Debug|Any CPU.ActiveCfg = Debug|Any CPU
		{CCEA607B-26B0-40B9-BC5F-E2AF75F3B710}.Debug|Any CPU.Build.0 = Debug|Any CPU
		{CCEA607B-26B0-40B9-BC5F-E2AF75F3B710}.Release|Any CPU.ActiveCfg = Release|Any CPU
		{CCEA607B-26B0-40B9-BC5F-E2AF75F3B710}.Release|Any CPU.Build.0 = Release|Any CPU
		{DCF407F1-7FB2-4C0C-9168-450532BF3AE4}.Debug|Any CPU.ActiveCfg = Debug|Any CPU
		{DCF407F1-7FB2-4C0C-9168-450532BF3AE4}.Debug|Any CPU.Build.0 = Debug|Any CPU
		{DCF407F1-7FB2-4C0C-9168-450532BF3AE4}.Release|Any CPU.ActiveCfg = Release|Any CPU
		{DCF407F1-7FB2-4C0C-9168-450532BF3AE4}.Release|Any CPU.Build.0 = Release|Any CPU
		{0141E096-1294-4BAA-9A2D-85D063BE1018}.Debug|Any CPU.ActiveCfg = Debug|Any CPU
		{0141E096-1294-4BAA-9A2D-85D063BE1018}.Debug|Any CPU.Build.0 = Debug|Any CPU
		{0141E096-1294-4BAA-9A2D-85D063BE1018}.Release|Any CPU.ActiveCfg = Release|Any CPU
		{0141E096-1294-4BAA-9A2D-85D063BE1018}.Release|Any CPU.Build.0 = Release|Any CPU
		{E1D03CD8-B474-4A49-BD2C-74BAC7F19000}.Debug|Any CPU.ActiveCfg = Debug|Any CPU
		{E1D03CD8-B474-4A49-BD2C-74BAC7F19000}.Debug|Any CPU.Build.0 = Debug|Any CPU
		{E1D03CD8-B474-4A49-BD2C-74BAC7F19000}.Release|Any CPU.ActiveCfg = Release|Any CPU
		{E1D03CD8-B474-4A49-BD2C-74BAC7F19000}.Release|Any CPU.Build.0 = Release|Any CPU
		{FFAB25A1-57A3-4F1E-A220-FFE93555F189}.Debug|Any CPU.ActiveCfg = Debug|Any CPU
		{FFAB25A1-57A3-4F1E-A220-FFE93555F189}.Debug|Any CPU.Build.0 = Debug|Any CPU
		{FFAB25A1-57A3-4F1E-A220-FFE93555F189}.Release|Any CPU.ActiveCfg = Release|Any CPU
		{FFAB25A1-57A3-4F1E-A220-FFE93555F189}.Release|Any CPU.Build.0 = Release|Any CPU
		{79BE11AF-9242-4637-A347-063541F1DB62}.Debug|Any CPU.ActiveCfg = Debug|Any CPU
		{79BE11AF-9242-4637-A347-063541F1DB62}.Debug|Any CPU.Build.0 = Debug|Any CPU
		{79BE11AF-9242-4637-A347-063541F1DB62}.Release|Any CPU.ActiveCfg = Release|Any CPU
		{79BE11AF-9242-4637-A347-063541F1DB62}.Release|Any CPU.Build.0 = Release|Any CPU
		{D3931CE3-E3C1-4999-8448-BB9BB39C5B60}.Debug|Any CPU.ActiveCfg = Debug|Any CPU
		{D3931CE3-E3C1-4999-8448-BB9BB39C5B60}.Debug|Any CPU.Build.0 = Debug|Any CPU
		{D3931CE3-E3C1-4999-8448-BB9BB39C5B60}.Release|Any CPU.ActiveCfg = Release|Any CPU
		{D3931CE3-E3C1-4999-8448-BB9BB39C5B60}.Release|Any CPU.Build.0 = Release|Any CPU
		{C17F9471-8003-4F75-83B6-F4306CF4ECF2}.Debug|Any CPU.ActiveCfg = Debug|Any CPU
		{C17F9471-8003-4F75-83B6-F4306CF4ECF2}.Debug|Any CPU.Build.0 = Debug|Any CPU
		{C17F9471-8003-4F75-83B6-F4306CF4ECF2}.Release|Any CPU.ActiveCfg = Release|Any CPU
		{C17F9471-8003-4F75-83B6-F4306CF4ECF2}.Release|Any CPU.Build.0 = Release|Any CPU
		{5A48E24C-6E53-410D-BFFA-4B792A145C1B}.Debug|Any CPU.ActiveCfg = Debug|Any CPU
		{5A48E24C-6E53-410D-BFFA-4B792A145C1B}.Debug|Any CPU.Build.0 = Debug|Any CPU
		{5A48E24C-6E53-410D-BFFA-4B792A145C1B}.Release|Any CPU.ActiveCfg = Release|Any CPU
		{5A48E24C-6E53-410D-BFFA-4B792A145C1B}.Release|Any CPU.Build.0 = Release|Any CPU
		{160AD74A-F4A4-42A1-BEFB-DA2BE131DFF8}.Debug|Any CPU.ActiveCfg = Debug|Any CPU
		{160AD74A-F4A4-42A1-BEFB-DA2BE131DFF8}.Debug|Any CPU.Build.0 = Debug|Any CPU
		{160AD74A-F4A4-42A1-BEFB-DA2BE131DFF8}.Release|Any CPU.ActiveCfg = Release|Any CPU
		{160AD74A-F4A4-42A1-BEFB-DA2BE131DFF8}.Release|Any CPU.Build.0 = Release|Any CPU
		{23FF0518-7865-4896-8C5E-CA9D26F6C453}.Debug|Any CPU.ActiveCfg = Debug|Any CPU
		{23FF0518-7865-4896-8C5E-CA9D26F6C453}.Debug|Any CPU.Build.0 = Debug|Any CPU
		{23FF0518-7865-4896-8C5E-CA9D26F6C453}.Release|Any CPU.ActiveCfg = Release|Any CPU
		{23FF0518-7865-4896-8C5E-CA9D26F6C453}.Release|Any CPU.Build.0 = Release|Any CPU
		{4191F965-E7C0-41D3-A8CE-1FC5DAF927A5}.Debug|Any CPU.ActiveCfg = Debug|Any CPU
		{4191F965-E7C0-41D3-A8CE-1FC5DAF927A5}.Debug|Any CPU.Build.0 = Debug|Any CPU
		{4191F965-E7C0-41D3-A8CE-1FC5DAF927A5}.Release|Any CPU.ActiveCfg = Release|Any CPU
		{4191F965-E7C0-41D3-A8CE-1FC5DAF927A5}.Release|Any CPU.Build.0 = Release|Any CPU
		{E3435929-A10B-4657-8D88-E4F0A09C8376}.Debug|Any CPU.ActiveCfg = Debug|Any CPU
		{E3435929-A10B-4657-8D88-E4F0A09C8376}.Debug|Any CPU.Build.0 = Debug|Any CPU
		{E3435929-A10B-4657-8D88-E4F0A09C8376}.Release|Any CPU.ActiveCfg = Release|Any CPU
		{E3435929-A10B-4657-8D88-E4F0A09C8376}.Release|Any CPU.Build.0 = Release|Any CPU
		{30DF3D31-0A6F-4090-903F-1D963FBDE8B8}.Debug|Any CPU.ActiveCfg = Debug|Any CPU
		{30DF3D31-0A6F-4090-903F-1D963FBDE8B8}.Debug|Any CPU.Build.0 = Debug|Any CPU
		{30DF3D31-0A6F-4090-903F-1D963FBDE8B8}.Release|Any CPU.ActiveCfg = Release|Any CPU
		{30DF3D31-0A6F-4090-903F-1D963FBDE8B8}.Release|Any CPU.Build.0 = Release|Any CPU
		{AE90BA83-0A60-4FAC-BDB7-2345DD4C4276}.Debug|Any CPU.ActiveCfg = Debug|Any CPU
		{AE90BA83-0A60-4FAC-BDB7-2345DD4C4276}.Debug|Any CPU.Build.0 = Debug|Any CPU
		{AE90BA83-0A60-4FAC-BDB7-2345DD4C4276}.Release|Any CPU.ActiveCfg = Release|Any CPU
		{AE90BA83-0A60-4FAC-BDB7-2345DD4C4276}.Release|Any CPU.Build.0 = Release|Any CPU
		{C1679796-FB5E-4F66-9A82-A9DA132D379C}.Debug|Any CPU.ActiveCfg = Debug|Any CPU
		{C1679796-FB5E-4F66-9A82-A9DA132D379C}.Debug|Any CPU.Build.0 = Debug|Any CPU
		{C1679796-FB5E-4F66-9A82-A9DA132D379C}.Release|Any CPU.ActiveCfg = Release|Any CPU
		{C1679796-FB5E-4F66-9A82-A9DA132D379C}.Release|Any CPU.Build.0 = Release|Any CPU
		{1DA0188E-22E3-4CE7-809C-A32E5B8D648C}.Debug|Any CPU.ActiveCfg = Debug|Any CPU
		{1DA0188E-22E3-4CE7-809C-A32E5B8D648C}.Debug|Any CPU.Build.0 = Debug|Any CPU
		{1DA0188E-22E3-4CE7-809C-A32E5B8D648C}.Release|Any CPU.ActiveCfg = Release|Any CPU
		{1DA0188E-22E3-4CE7-809C-A32E5B8D648C}.Release|Any CPU.Build.0 = Release|Any CPU
		{C51F2208-4E55-4317-9E2E-A4A8D8C460F6}.Debug|Any CPU.ActiveCfg = Debug|Any CPU
		{C51F2208-4E55-4317-9E2E-A4A8D8C460F6}.Debug|Any CPU.Build.0 = Debug|Any CPU
		{C51F2208-4E55-4317-9E2E-A4A8D8C460F6}.Release|Any CPU.ActiveCfg = Release|Any CPU
		{C51F2208-4E55-4317-9E2E-A4A8D8C460F6}.Release|Any CPU.Build.0 = Release|Any CPU
		{BB35FB1A-F57D-4718-ADC6-CE857EE2D5C2}.Debug|Any CPU.ActiveCfg = Debug|Any CPU
		{BB35FB1A-F57D-4718-ADC6-CE857EE2D5C2}.Debug|Any CPU.Build.0 = Debug|Any CPU
		{BB35FB1A-F57D-4718-ADC6-CE857EE2D5C2}.Release|Any CPU.ActiveCfg = Release|Any CPU
		{BB35FB1A-F57D-4718-ADC6-CE857EE2D5C2}.Release|Any CPU.Build.0 = Release|Any CPU
		{C04EA603-63D8-4AFA-AC28-2678B2C9CC6E}.Debug|Any CPU.ActiveCfg = Debug|Any CPU
		{C04EA603-63D8-4AFA-AC28-2678B2C9CC6E}.Debug|Any CPU.Build.0 = Debug|Any CPU
		{C04EA603-63D8-4AFA-AC28-2678B2C9CC6E}.Release|Any CPU.ActiveCfg = Release|Any CPU
		{C04EA603-63D8-4AFA-AC28-2678B2C9CC6E}.Release|Any CPU.Build.0 = Release|Any CPU
		{789BB227-2127-4B8E-B2E1-F7A273BAE51F}.Debug|Any CPU.ActiveCfg = Debug|Any CPU
		{789BB227-2127-4B8E-B2E1-F7A273BAE51F}.Debug|Any CPU.Build.0 = Debug|Any CPU
		{789BB227-2127-4B8E-B2E1-F7A273BAE51F}.Release|Any CPU.ActiveCfg = Release|Any CPU
		{789BB227-2127-4B8E-B2E1-F7A273BAE51F}.Release|Any CPU.Build.0 = Release|Any CPU
		{6DEB00C2-B8CD-4507-8CC2-D78875C6AA21}.Debug|Any CPU.ActiveCfg = Debug|Any CPU
		{6DEB00C2-B8CD-4507-8CC2-D78875C6AA21}.Debug|Any CPU.Build.0 = Debug|Any CPU
		{6DEB00C2-B8CD-4507-8CC2-D78875C6AA21}.Release|Any CPU.ActiveCfg = Release|Any CPU
		{6DEB00C2-B8CD-4507-8CC2-D78875C6AA21}.Release|Any CPU.Build.0 = Release|Any CPU
		{5778B847-5A95-4DB3-9A3E-21913BE2A3DA}.Debug|Any CPU.ActiveCfg = Debug|Any CPU
		{5778B847-5A95-4DB3-9A3E-21913BE2A3DA}.Debug|Any CPU.Build.0 = Debug|Any CPU
		{5778B847-5A95-4DB3-9A3E-21913BE2A3DA}.Release|Any CPU.ActiveCfg = Release|Any CPU
		{5778B847-5A95-4DB3-9A3E-21913BE2A3DA}.Release|Any CPU.Build.0 = Release|Any CPU
		{6BC47E47-B648-4E6A-AB34-97B59B0B7175}.Debug|Any CPU.ActiveCfg = Debug|Any CPU
		{6BC47E47-B648-4E6A-AB34-97B59B0B7175}.Debug|Any CPU.Build.0 = Debug|Any CPU
		{6BC47E47-B648-4E6A-AB34-97B59B0B7175}.Release|Any CPU.ActiveCfg = Release|Any CPU
		{6BC47E47-B648-4E6A-AB34-97B59B0B7175}.Release|Any CPU.Build.0 = Release|Any CPU
		{7701589A-16AF-4088-8490-DF19285FBCF3}.Debug|Any CPU.ActiveCfg = Debug|Any CPU
		{7701589A-16AF-4088-8490-DF19285FBCF3}.Debug|Any CPU.Build.0 = Debug|Any CPU
		{7701589A-16AF-4088-8490-DF19285FBCF3}.Release|Any CPU.ActiveCfg = Release|Any CPU
		{7701589A-16AF-4088-8490-DF19285FBCF3}.Release|Any CPU.Build.0 = Release|Any CPU
		{F8C6C09D-00E7-4399-AFCF-80A7C7CE51D1}.Debug|Any CPU.ActiveCfg = Debug|Any CPU
		{F8C6C09D-00E7-4399-AFCF-80A7C7CE51D1}.Debug|Any CPU.Build.0 = Debug|Any CPU
		{F8C6C09D-00E7-4399-AFCF-80A7C7CE51D1}.Release|Any CPU.ActiveCfg = Release|Any CPU
		{F8C6C09D-00E7-4399-AFCF-80A7C7CE51D1}.Release|Any CPU.Build.0 = Release|Any CPU
		{03C8C27E-47DD-41CB-A8DF-8B01F70A350D}.Debug|Any CPU.ActiveCfg = Debug|Any CPU
		{03C8C27E-47DD-41CB-A8DF-8B01F70A350D}.Debug|Any CPU.Build.0 = Debug|Any CPU
		{03C8C27E-47DD-41CB-A8DF-8B01F70A350D}.Release|Any CPU.ActiveCfg = Release|Any CPU
		{03C8C27E-47DD-41CB-A8DF-8B01F70A350D}.Release|Any CPU.Build.0 = Release|Any CPU
		{1CBC626E-AC72-4524-8851-B51599E95BB0}.Debug|Any CPU.ActiveCfg = Debug|Any CPU
		{1CBC626E-AC72-4524-8851-B51599E95BB0}.Debug|Any CPU.Build.0 = Debug|Any CPU
		{1CBC626E-AC72-4524-8851-B51599E95BB0}.Release|Any CPU.ActiveCfg = Release|Any CPU
		{1CBC626E-AC72-4524-8851-B51599E95BB0}.Release|Any CPU.Build.0 = Release|Any CPU
		{52CB0F10-9C69-4AE0-BCCB-056D6D154302}.Debug|Any CPU.ActiveCfg = Debug|Any CPU
		{52CB0F10-9C69-4AE0-BCCB-056D6D154302}.Debug|Any CPU.Build.0 = Debug|Any CPU
		{52CB0F10-9C69-4AE0-BCCB-056D6D154302}.Release|Any CPU.ActiveCfg = Release|Any CPU
		{52CB0F10-9C69-4AE0-BCCB-056D6D154302}.Release|Any CPU.Build.0 = Release|Any CPU
		{00C526C4-92B9-4BAE-9C3D-06E4AAC9BB38}.Debug|Any CPU.ActiveCfg = Debug|Any CPU
		{00C526C4-92B9-4BAE-9C3D-06E4AAC9BB38}.Debug|Any CPU.Build.0 = Debug|Any CPU
		{00C526C4-92B9-4BAE-9C3D-06E4AAC9BB38}.Release|Any CPU.ActiveCfg = Release|Any CPU
		{00C526C4-92B9-4BAE-9C3D-06E4AAC9BB38}.Release|Any CPU.Build.0 = Release|Any CPU
		{8041E036-6210-458A-B802-31EA3FCB741C}.Debug|Any CPU.ActiveCfg = Debug|Any CPU
		{8041E036-6210-458A-B802-31EA3FCB741C}.Debug|Any CPU.Build.0 = Debug|Any CPU
		{8041E036-6210-458A-B802-31EA3FCB741C}.Release|Any CPU.ActiveCfg = Release|Any CPU
		{8041E036-6210-458A-B802-31EA3FCB741C}.Release|Any CPU.Build.0 = Release|Any CPU
		{5B287D15-3732-4F2B-A6FF-283C5D050A51}.Debug|Any CPU.ActiveCfg = Debug|Any CPU
		{5B287D15-3732-4F2B-A6FF-283C5D050A51}.Debug|Any CPU.Build.0 = Debug|Any CPU
		{5B287D15-3732-4F2B-A6FF-283C5D050A51}.Release|Any CPU.ActiveCfg = Release|Any CPU
		{5B287D15-3732-4F2B-A6FF-283C5D050A51}.Release|Any CPU.Build.0 = Release|Any CPU
		{23BF1984-77D5-4496-927D-2BFE9A81B5CB}.Debug|Any CPU.ActiveCfg = Debug|Any CPU
		{23BF1984-77D5-4496-927D-2BFE9A81B5CB}.Debug|Any CPU.Build.0 = Debug|Any CPU
		{23BF1984-77D5-4496-927D-2BFE9A81B5CB}.Release|Any CPU.ActiveCfg = Release|Any CPU
		{23BF1984-77D5-4496-927D-2BFE9A81B5CB}.Release|Any CPU.Build.0 = Release|Any CPU
		{714DD90A-CE0A-4F63-8C69-CC12847DA315}.Debug|Any CPU.ActiveCfg = Debug|Any CPU
		{714DD90A-CE0A-4F63-8C69-CC12847DA315}.Debug|Any CPU.Build.0 = Debug|Any CPU
		{714DD90A-CE0A-4F63-8C69-CC12847DA315}.Release|Any CPU.ActiveCfg = Release|Any CPU
		{714DD90A-CE0A-4F63-8C69-CC12847DA315}.Release|Any CPU.Build.0 = Release|Any CPU
		{1B62A071-637C-4E51-BEDC-0DE7217C4F65}.Debug|Any CPU.ActiveCfg = Debug|Any CPU
		{1B62A071-637C-4E51-BEDC-0DE7217C4F65}.Debug|Any CPU.Build.0 = Debug|Any CPU
		{1B62A071-637C-4E51-BEDC-0DE7217C4F65}.Release|Any CPU.ActiveCfg = Release|Any CPU
		{1B62A071-637C-4E51-BEDC-0DE7217C4F65}.Release|Any CPU.Build.0 = Release|Any CPU
		{AAB5D305-1859-4303-A6FD-90FBEBDB2D49}.Debug|Any CPU.ActiveCfg = Debug|Any CPU
		{AAB5D305-1859-4303-A6FD-90FBEBDB2D49}.Debug|Any CPU.Build.0 = Debug|Any CPU
		{AAB5D305-1859-4303-A6FD-90FBEBDB2D49}.Release|Any CPU.ActiveCfg = Release|Any CPU
		{AAB5D305-1859-4303-A6FD-90FBEBDB2D49}.Release|Any CPU.Build.0 = Release|Any CPU
		{13375F94-FEB8-4F3B-84AE-9F4958D43C20}.Debug|Any CPU.ActiveCfg = Debug|Any CPU
		{13375F94-FEB8-4F3B-84AE-9F4958D43C20}.Debug|Any CPU.Build.0 = Debug|Any CPU
		{13375F94-FEB8-4F3B-84AE-9F4958D43C20}.Release|Any CPU.ActiveCfg = Release|Any CPU
		{13375F94-FEB8-4F3B-84AE-9F4958D43C20}.Release|Any CPU.Build.0 = Release|Any CPU
		{4C6DC8C4-01BD-4ADA-BC06-7BC595A22C8E}.Debug|Any CPU.ActiveCfg = Debug|Any CPU
		{4C6DC8C4-01BD-4ADA-BC06-7BC595A22C8E}.Debug|Any CPU.Build.0 = Debug|Any CPU
		{4C6DC8C4-01BD-4ADA-BC06-7BC595A22C8E}.Release|Any CPU.ActiveCfg = Release|Any CPU
		{4C6DC8C4-01BD-4ADA-BC06-7BC595A22C8E}.Release|Any CPU.Build.0 = Release|Any CPU
		{0AF976CB-D1DE-4219-B7C8-3127CF26C743}.Debug|Any CPU.ActiveCfg = Debug|Any CPU
		{0AF976CB-D1DE-4219-B7C8-3127CF26C743}.Debug|Any CPU.Build.0 = Debug|Any CPU
		{0AF976CB-D1DE-4219-B7C8-3127CF26C743}.Release|Any CPU.ActiveCfg = Release|Any CPU
		{0AF976CB-D1DE-4219-B7C8-3127CF26C743}.Release|Any CPU.Build.0 = Release|Any CPU
		{9008107D-0E38-4865-BCAB-8C8F05359231}.Debug|Any CPU.ActiveCfg = Debug|Any CPU
		{9008107D-0E38-4865-BCAB-8C8F05359231}.Debug|Any CPU.Build.0 = Debug|Any CPU
		{9008107D-0E38-4865-BCAB-8C8F05359231}.Release|Any CPU.ActiveCfg = Release|Any CPU
		{9008107D-0E38-4865-BCAB-8C8F05359231}.Release|Any CPU.Build.0 = Release|Any CPU
		{B990D07E-DF4E-4643-B1EB-908150F9525F}.Debug|Any CPU.ActiveCfg = Debug|Any CPU
		{B990D07E-DF4E-4643-B1EB-908150F9525F}.Debug|Any CPU.Build.0 = Debug|Any CPU
		{B990D07E-DF4E-4643-B1EB-908150F9525F}.Release|Any CPU.ActiveCfg = Release|Any CPU
		{B990D07E-DF4E-4643-B1EB-908150F9525F}.Release|Any CPU.Build.0 = Release|Any CPU
		{83FE1609-D45D-4255-9472-310C3E166A6F}.Debug|Any CPU.ActiveCfg = Debug|Any CPU
		{83FE1609-D45D-4255-9472-310C3E166A6F}.Debug|Any CPU.Build.0 = Debug|Any CPU
		{83FE1609-D45D-4255-9472-310C3E166A6F}.Release|Any CPU.ActiveCfg = Release|Any CPU
		{83FE1609-D45D-4255-9472-310C3E166A6F}.Release|Any CPU.Build.0 = Release|Any CPU
		{68B70606-647F-4065-A053-BBF7A3D357DD}.Debug|Any CPU.ActiveCfg = Debug|Any CPU
		{68B70606-647F-4065-A053-BBF7A3D357DD}.Debug|Any CPU.Build.0 = Debug|Any CPU
		{68B70606-647F-4065-A053-BBF7A3D357DD}.Release|Any CPU.ActiveCfg = Release|Any CPU
		{68B70606-647F-4065-A053-BBF7A3D357DD}.Release|Any CPU.Build.0 = Release|Any CPU
		{58B23239-6FA1-4D1E-BB84-BCADCB41826E}.Debug|Any CPU.ActiveCfg = Debug|Any CPU
		{58B23239-6FA1-4D1E-BB84-BCADCB41826E}.Debug|Any CPU.Build.0 = Debug|Any CPU
		{58B23239-6FA1-4D1E-BB84-BCADCB41826E}.Release|Any CPU.ActiveCfg = Release|Any CPU
		{58B23239-6FA1-4D1E-BB84-BCADCB41826E}.Release|Any CPU.Build.0 = Release|Any CPU
		{F08695F1-6B01-44E9-94D2-A27FB347B37C}.Debug|Any CPU.ActiveCfg = Debug|Any CPU
		{F08695F1-6B01-44E9-94D2-A27FB347B37C}.Debug|Any CPU.Build.0 = Debug|Any CPU
		{F08695F1-6B01-44E9-94D2-A27FB347B37C}.Release|Any CPU.ActiveCfg = Release|Any CPU
		{F08695F1-6B01-44E9-94D2-A27FB347B37C}.Release|Any CPU.Build.0 = Release|Any CPU
		{09CF97AF-BA22-4DE4-A796-6AB473953890}.Debug|Any CPU.ActiveCfg = Debug|Any CPU
		{09CF97AF-BA22-4DE4-A796-6AB473953890}.Debug|Any CPU.Build.0 = Debug|Any CPU
		{09CF97AF-BA22-4DE4-A796-6AB473953890}.Release|Any CPU.ActiveCfg = Release|Any CPU
		{09CF97AF-BA22-4DE4-A796-6AB473953890}.Release|Any CPU.Build.0 = Release|Any CPU
		{54DB67B3-9321-4891-A0AB-03EB50332BE4}.Debug|Any CPU.ActiveCfg = Debug|Any CPU
		{54DB67B3-9321-4891-A0AB-03EB50332BE4}.Debug|Any CPU.Build.0 = Debug|Any CPU
		{54DB67B3-9321-4891-A0AB-03EB50332BE4}.Release|Any CPU.ActiveCfg = Release|Any CPU
		{54DB67B3-9321-4891-A0AB-03EB50332BE4}.Release|Any CPU.Build.0 = Release|Any CPU
		{AFC0E14C-7253-4723-A8D7-ECBF8773F7A8}.Debug|Any CPU.ActiveCfg = Debug|Any CPU
		{AFC0E14C-7253-4723-A8D7-ECBF8773F7A8}.Debug|Any CPU.Build.0 = Debug|Any CPU
		{AFC0E14C-7253-4723-A8D7-ECBF8773F7A8}.Release|Any CPU.ActiveCfg = Release|Any CPU
		{AFC0E14C-7253-4723-A8D7-ECBF8773F7A8}.Release|Any CPU.Build.0 = Release|Any CPU
		{27DA448F-AF7F-48AC-9BD0-56B9A3922ABB}.Debug|Any CPU.ActiveCfg = Debug|Any CPU
		{27DA448F-AF7F-48AC-9BD0-56B9A3922ABB}.Debug|Any CPU.Build.0 = Debug|Any CPU
		{27DA448F-AF7F-48AC-9BD0-56B9A3922ABB}.Release|Any CPU.ActiveCfg = Release|Any CPU
		{27DA448F-AF7F-48AC-9BD0-56B9A3922ABB}.Release|Any CPU.Build.0 = Release|Any CPU
		{E436D254-2D58-4D13-881F-4D377EEBF5A5}.Debug|Any CPU.ActiveCfg = Debug|Any CPU
		{E436D254-2D58-4D13-881F-4D377EEBF5A5}.Debug|Any CPU.Build.0 = Debug|Any CPU
		{E436D254-2D58-4D13-881F-4D377EEBF5A5}.Release|Any CPU.ActiveCfg = Release|Any CPU
		{E436D254-2D58-4D13-881F-4D377EEBF5A5}.Release|Any CPU.Build.0 = Release|Any CPU
		{1A3ACC2B-B022-4B86-ACE7-5D2EBE44CE7C}.Debug|Any CPU.ActiveCfg = Debug|Any CPU
		{1A3ACC2B-B022-4B86-ACE7-5D2EBE44CE7C}.Debug|Any CPU.Build.0 = Debug|Any CPU
		{1A3ACC2B-B022-4B86-ACE7-5D2EBE44CE7C}.Release|Any CPU.ActiveCfg = Release|Any CPU
		{1A3ACC2B-B022-4B86-ACE7-5D2EBE44CE7C}.Release|Any CPU.Build.0 = Release|Any CPU
		{EBFE872D-803A-4279-94B6-C0BDFC3816E7}.Debug|Any CPU.ActiveCfg = Debug|Any CPU
		{EBFE872D-803A-4279-94B6-C0BDFC3816E7}.Debug|Any CPU.Build.0 = Debug|Any CPU
		{EBFE872D-803A-4279-94B6-C0BDFC3816E7}.Release|Any CPU.ActiveCfg = Release|Any CPU
		{EBFE872D-803A-4279-94B6-C0BDFC3816E7}.Release|Any CPU.Build.0 = Release|Any CPU
		{3F56004F-943C-4B6C-A96A-FE4714298527}.Debug|Any CPU.ActiveCfg = Debug|Any CPU
		{3F56004F-943C-4B6C-A96A-FE4714298527}.Debug|Any CPU.Build.0 = Debug|Any CPU
		{3F56004F-943C-4B6C-A96A-FE4714298527}.Release|Any CPU.ActiveCfg = Release|Any CPU
		{3F56004F-943C-4B6C-A96A-FE4714298527}.Release|Any CPU.Build.0 = Release|Any CPU
		{C373095C-A760-4EBD-9974-12ABDB9B4DEA}.Debug|Any CPU.ActiveCfg = Debug|Any CPU
		{C373095C-A760-4EBD-9974-12ABDB9B4DEA}.Debug|Any CPU.Build.0 = Debug|Any CPU
		{C373095C-A760-4EBD-9974-12ABDB9B4DEA}.Release|Any CPU.ActiveCfg = Release|Any CPU
		{C373095C-A760-4EBD-9974-12ABDB9B4DEA}.Release|Any CPU.Build.0 = Release|Any CPU
		{3E2F2076-A322-462B-A55F-ADACDF5A5AA9}.Debug|Any CPU.ActiveCfg = Debug|Any CPU
		{3E2F2076-A322-462B-A55F-ADACDF5A5AA9}.Debug|Any CPU.Build.0 = Debug|Any CPU
		{3E2F2076-A322-462B-A55F-ADACDF5A5AA9}.Release|Any CPU.ActiveCfg = Release|Any CPU
		{3E2F2076-A322-462B-A55F-ADACDF5A5AA9}.Release|Any CPU.Build.0 = Release|Any CPU
		{5CDCDA81-AFAE-4AFC-8C15-CEE0FAE56C03}.Debug|Any CPU.ActiveCfg = Debug|Any CPU
		{5CDCDA81-AFAE-4AFC-8C15-CEE0FAE56C03}.Debug|Any CPU.Build.0 = Debug|Any CPU
		{5CDCDA81-AFAE-4AFC-8C15-CEE0FAE56C03}.Release|Any CPU.ActiveCfg = Release|Any CPU
		{5CDCDA81-AFAE-4AFC-8C15-CEE0FAE56C03}.Release|Any CPU.Build.0 = Release|Any CPU
		{A8886633-7CF3-4FE4-940F-7AD4A958A05B}.Debug|Any CPU.ActiveCfg = Debug|Any CPU
		{A8886633-7CF3-4FE4-940F-7AD4A958A05B}.Debug|Any CPU.Build.0 = Debug|Any CPU
		{A8886633-7CF3-4FE4-940F-7AD4A958A05B}.Release|Any CPU.ActiveCfg = Release|Any CPU
		{A8886633-7CF3-4FE4-940F-7AD4A958A05B}.Release|Any CPU.Build.0 = Release|Any CPU
	EndGlobalSection
	GlobalSection(SolutionProperties) = preSolution
		HideSolutionNode = FALSE
	EndGlobalSection
	GlobalSection(ExtensibilityGlobals) = postSolution
		SolutionGuid = {B7F4BBAD-A09D-4BEC-A213-9CE1B1054C71}
	EndGlobalSection
EndGlobal
